<?xml version="1.0" encoding="UTF-8" standalone="yes" ?>
<CodeBlocks_project_file>
	<FileVersion major="1" minor="6" />
	<Project>
		<Option title="UntitledGame" />
		<Option pch_mode="2" />
		<Option compiler="gcc" />
		<Option virtualFolders="Headers\;Platform-Specific\;" />
		<Build>
			<Target title="Debug">
				<Option output="bin/Debug/UntitledGame" prefix_auto="1" extension_auto="1" />
				<Option object_output="obj/Debug/" />
				<Option type="1" />
				<Option compiler="gcc" />
				<Compiler>
					<Add option="-g" />
				</Compiler>
				<Linker>
					<Add option="-lsfml-audio" />
					<Add option="-lsfml-graphics" />
					<Add option="-lsfml-window" />
					<Add option="-lsfml-system" />
				</Linker>
			</Target>
			<Target title="Release">
				<Option output="bin/Release/UntitledGame" prefix_auto="1" extension_auto="1" />
				<Option object_output="obj/Release/" />
				<Option type="1" />
				<Option compiler="gcc" />
				<Compiler>
					<Add option="-O2" />
				</Compiler>
				<Linker>
					<Add option="-s" />
					<Add option="-lsfml-audio" />
					<Add option="-lsfml-graphics" />
					<Add option="-lsfml-window" />
					<Add option="-lsfml-system" />
				</Linker>
			</Target>
		</Build>
		<Compiler>
			<Add option="-Wall" />
			<Add option="-fexceptions" />
			<Add directory="../libraries/SFML-Framework/include" />
			<Add directory="../UntitledGame" />
			<Add directory="../libraries/Lua/include" />
		</Compiler>
		<Linker>
			<Add option="-lsfml-audio" />
			<Add option="-lsfml-graphics" />
			<Add option="-lsfml-window" />
			<Add option="-lsfml-system" />
			<Add library="..\libraries\Lua\src\Lua5.2.3\bin\Release\libLua5.2.3.a" />
			<Add library="..\libraries\SFML-Framework\extlibs\libs-mingw\libfreetype.a" />
			<Add library="..\libraries\SFML-Framework\extlibs\libs-mingw\libopenal32.a" />
			<Add library="..\libraries\SFML-Framework\extlibs\libs-mingw\libsndfile.a" />
			<Add directory="../libraries/SFML-Framework/lib" />
			<Add directory="../libraries/SFML-Framework/extlibs/libs-mingw" />
		</Linker>
		<Unit filename="Actor.cpp" />
		<Unit filename="Actor.hpp" />
		<Unit filename="Button.cpp" />
		<Unit filename="Button.hpp" />
		<Unit filename="Camera.cpp" />
		<Unit filename="Camera.hpp" />
		<Unit filename="Canvas.hpp" />
		<Unit filename="CodeBox.cpp" />
		<Unit filename="CodeBox.hpp" />
		<Unit filename="CollisionIndice.cpp" />
		<Unit filename="CollisionIndice.hpp" />
		<Unit filename="DataBank.cpp" />
		<Unit filename="DataBank.hpp" />
		<Unit filename="EventManager.cpp" />
		<Unit filename="EventManager.hpp" />
		<Unit filename="Font.cpp" />
		<Unit filename="Font.hpp" />
		<Unit filename="GUIDockItem.cpp" />
		<Unit filename="GUIDockItem.hpp" />
		<Unit filename="GUIElement.cpp" />
		<Unit filename="GUIElement.hpp" />
		<Unit filename="GUIManager.cpp" />
		<Unit filename="GUIManager.hpp" />
		<Unit filename="GUIMenu.cpp" />
		<Unit filename="GUIMenu.hpp" />
		<Unit filename="GraphicsEngine.cpp" />
		<Unit filename="GraphicsEngine.hpp" />
		<Unit filename="HorSlider.cpp" />
		<Unit filename="HorSlider.hpp" />
		<Unit filename="KeyBind.cpp" />
		<Unit filename="KeyBind.hpp" />
		<Unit filename="Label.cpp" />
		<Unit filename="Label.hpp" />
		<Unit filename="Loader.cpp">
			<Option virtualFolder="Platform-Specific/" />
		</Unit>
		<Unit filename="Loader.hpp" />
		<Unit filename="Logger.cpp" />
		<Unit filename="Logger.hpp" />
		<Unit filename="ModModule.cpp" />
		<Unit filename="ModModule.hpp" />
		<Unit filename="PhysicsEngine.cpp" />
		<Unit filename="PhysicsEngine.hpp" />
		<Unit filename="Picture.hpp" />
		<Unit filename="ProgBar.hpp" />
		<Unit filename="Script.cpp" />
		<Unit filename="Script.hpp" />
		<Unit filename="SolarSystem.cpp" />
		<Unit filename="SolarSystem.hpp" />
		<Unit filename="Sound.cpp" />
		<Unit filename="Sound.hpp" />
		<Unit filename="SpaceObject.cpp" />
		<Unit filename="SpaceObject.hpp" />
		<Unit filename="TextBox.cpp" />
		<Unit filename="TextBox.hpp" />
		<Unit filename="Texture.cpp" />
		<Unit filename="Texture.hpp" />
		<Unit filename="Track.cpp" />
		<Unit filename="Track.hpp" />
		<Unit filename="Vector.cpp" />
		<Unit filename="Vector.hpp" />
		<Unit filename="VertSlider.hpp" />
		<Unit filename="main.cpp" />
		<Unit filename="util.cpp" />
		<Unit filename="util.hpp" />
		<Extensions>
			<code_completion />
			<envvars />
			<debugger />
			<lib_finder disable_auto="1" />
		</Extensions>
	</Project>
</CodeBlocks_project_file>
