<?xml version="1.0" encoding="UTF-8" standalone="yes" ?>
<CodeBlocks_project_file>
	<FileVersion major="1" minor="6" />
	<Project>
		<Option title="UG" />
		<Option pch_mode="2" />
		<Option compiler="gcc" />
		<Build>
			<Target title="Debug">
				<Option output="../UG_content/UG" prefix_auto="1" extension_auto="1" />
				<Option working_dir="../UG_content" />
				<Option object_output="obj/Debug/" />
				<Option type="1" />
				<Option compiler="gcc" />
				<Option use_console_runner="0" />
				<Compiler>
					<Add option="-g" />
					<Add directory="include" />
				</Compiler>
			</Target>
			<Target title="Release">
				<Option output="../UG_content/UG" prefix_auto="1" extension_auto="1" />
				<Option working_dir="../UG_content" />
				<Option object_output="obj/Release/" />
				<Option type="1" />
				<Option compiler="gcc" />
				<Compiler>
					<Add option="-O3" />
					<Add directory="include" />
				</Compiler>
			</Target>
		</Build>
		<Compiler>
			<Add option="-fexceptions" />
			<Add directory="../UG_lua/include" />
			<Add directory="../UG_sfml/include" />
			<Add directory="../UG_libavc/include" />
		</Compiler>
		<Linker>
			<Add library="sfml-audio" />
			<Add library="sfml-network" />
			<Add library="sfml-graphics" />
			<Add library="sfml-window" />
			<Add library="sfml-system" />
			<Add library="..\UG_lua\src\Lua5.2.3\bin\Release\libLua5.2.3.a" />
			<Add library="avcodec" />
			<Add library="avformat" />
			<Add library="avutil" />
			<Add library="swscale" />
			<Add directory="../UG_lua/src/Lua5.2.3/bin/Release" />
			<Add directory="../UG_sfml/lib" />
			<Add directory="../UG_libavc/lib" />
		</Linker>
		<Unit filename="include/GUI/Elements/Button.hpp" />
		<Unit filename="include/GUI/Elements/Canvas.hpp" />
		<Unit filename="include/GUI/Elements/CodeBox.hpp" />
		<Unit filename="include/GUI/Elements/HorSlider.hpp" />
		<Unit filename="include/GUI/Elements/Label.hpp" />
		<Unit filename="include/GUI/Elements/Picture.hpp" />
		<Unit filename="include/GUI/Elements/ProgBar.hpp" />
		<Unit filename="include/GUI/Elements/TextBox.hpp" />
		<Unit filename="include/GUI/Elements/VertSlider.hpp" />
		<Unit filename="include/GUI/GUIDockItem.hpp" />
		<Unit filename="include/GUI/GUIElement.hpp" />
		<Unit filename="include/GUI/GUIManager.hpp" />
		<Unit filename="include/GUI/GUIMenu.hpp" />
		<Unit filename="include/MemoryBank/DataBank.hpp" />
		<Unit filename="include/MemoryBank/Debug.hpp" />
		<Unit filename="include/MemoryBank/Entities/Action.hpp" />
		<Unit filename="include/MemoryBank/Entities/Font.hpp" />
		<Unit filename="include/MemoryBank/Entities/Script.hpp" />
		<Unit filename="include/MemoryBank/Entities/Sound.hpp" />
		<Unit filename="include/MemoryBank/Entities/Texture.hpp" />
		<Unit filename="include/MemoryBank/Entities/Track.hpp" />
		<Unit filename="include/MemoryBank/Entities/Video.hpp" />
		<Unit filename="include/MemoryBank/Level/Level.hpp" />
		<Unit filename="include/MemoryBank/Level/SolarSystem.hpp" />
		<Unit filename="include/MemoryBank/Level/SpaceObject.hpp" />
		<Unit filename="include/MemoryBank/Level/Vector.hpp" />
		<Unit filename="include/MemoryBank/LocalControl.hpp" />
		<Unit filename="include/MemoryBank/Settings.hpp" />
		<Unit filename="include/Processing/EventManager.hpp" />
		<Unit filename="include/Processing/GraphicsEngine.hpp" />
		<Unit filename="include/Processing/ModModule.hpp" />
		<Unit filename="include/Processing/PhysicsEngine.hpp" />
		<Unit filename="include/Utilities/FileLogger.hpp" />
		<Unit filename="include/Utilities/Logger.hpp" />
		<Unit filename="include/Utilities/VERSION.hpp" />
		<Unit filename="include/Utilities/util.hpp" />
		<Unit filename="src/GUI/Elements/Button.cpp" />
		<Unit filename="src/GUI/Elements/Canvas.cpp" />
		<Unit filename="src/GUI/Elements/CodeBox.cpp" />
		<Unit filename="src/GUI/Elements/HorSlider.cpp" />
		<Unit filename="src/GUI/Elements/Label.cpp" />
		<Unit filename="src/GUI/Elements/TextBox.cpp" />
		<Unit filename="src/GUI/Elements/VertSlider.cpp" />
		<Unit filename="src/GUI/GUIDockItem.cpp" />
		<Unit filename="src/GUI/GUIElement.cpp" />
		<Unit filename="src/GUI/GUIManager.cpp" />
		<Unit filename="src/GUI/GUIMenu.cpp" />
		<Unit filename="src/MemoryBank/DataBank.cpp" />
		<Unit filename="src/MemoryBank/Entities/Font.cpp" />
		<Unit filename="src/MemoryBank/Entities/Script.cpp" />
		<Unit filename="src/MemoryBank/Entities/Sound.cpp" />
		<Unit filename="src/MemoryBank/Entities/Texture.cpp" />
		<Unit filename="src/MemoryBank/Entities/Track.cpp" />
		<Unit filename="src/MemoryBank/Entities/Video.cpp" />
		<Unit filename="src/MemoryBank/Level/Level.cpp" />
		<Unit filename="src/MemoryBank/Level/LocalControl.cpp" />
		<Unit filename="src/MemoryBank/Level/SolarSystem.cpp" />
		<Unit filename="src/MemoryBank/Level/SpaceObject.cpp" />
		<Unit filename="src/MemoryBank/Level/Vector.cpp" />
		<Unit filename="src/Processing/EventManager.cpp" />
		<Unit filename="src/Processing/GraphicsEngine.cpp" />
		<Unit filename="src/Processing/ModModule.cpp" />
		<Unit filename="src/Processing/PhysicsEngine.cpp" />
		<Unit filename="src/Processing/main.cpp" />
		<Unit filename="src/Utilities/FileLogger.cpp" />
		<Unit filename="src/Utilities/Logger.cpp" />
		<Unit filename="src/Utilities/util.cpp" />
		<Extensions>
			<code_completion />
			<debugger />
			<envvars />
			<editor_config active="1" use_tabs="0" tab_indents="1" tab_width="4" indent="4" eol_mode="0" />
			<AutoVersioning>
				<Scheme minor_max="10" build_max="0" rev_max="0" rev_rand_max="1" build_times_to_increment_minor="1" />
				<Settings autoincrement="0" date_declarations="0" use_define="0" update_manifest="0" do_auto_increment="0" ask_to_increment="0" language="C++" svn="0" svn_directory="" header_path="version.h" />
				<Changes_Log show_changes_editor="0" app_title="released version %M.%m.%b of %p" changeslog_path="ChangesLog.txt" />
				<Code header_guard="VERSION_H" namespace="version" prefix="" />
			</AutoVersioning>
		</Extensions>
	</Project>
</CodeBlocks_project_file>
