<?xml version="1.0" encoding="UTF-8" standalone="yes" ?>
<CodeBlocks_project_file>
	<FileVersion major="1" minor="6" />
	<Project>
		<Option title="UG" />
		<Option pch_mode="2" />
		<Option compiler="gcc" />
		<Option virtualFolders="GUI\;MemoryBank\;Processing\;Utilities\;GUI\Elements\;MemoryBank\Entities\;MemoryBank\Level\;" />
		<Build>
			<Target title="Debug">
				<Option output="../UG_content/UG" prefix_auto="1" extension_auto="1" />
				<Option working_dir="../UG_content" />
				<Option object_output="obj/Debug/" />
				<Option type="1" />
				<Option compiler="gcc" />
				<Option use_console_runner="0" />
				<Compiler>
					<Add option="-g" />
					<Add directory="include" />
				</Compiler>
			</Target>
			<Target title="Release">
				<Option output="../UG_content/UG" prefix_auto="1" extension_auto="1" />
				<Option working_dir="../UG_content" />
				<Option object_output="obj/Release/" />
				<Option type="1" />
				<Option compiler="gcc" />
				<Compiler>
					<Add option="-O3" />
					<Add directory="include" />
				</Compiler>
			</Target>
		</Build>
		<Compiler>
			<Add option="-fexceptions" />
			<Add directory="../UG_lua/include" />
			<Add directory="../UG_sfml/include" />
			<Add directory="../UG_libavc/include" />
		</Compiler>
		<Linker>
			<Add library="sfml-audio" />
			<Add library="sfml-network" />
			<Add library="sfml-graphics" />
			<Add library="sfml-window" />
			<Add library="sfml-system" />
			<Add library="..\UG_lua\src\Lua5.2.3\bin\Release\libLua5.2.3.a" />
			<Add library="avcodec" />
			<Add library="avformat" />
			<Add library="avutil" />
			<Add library="swscale" />
			<Add directory="../UG_lua/src/Lua5.2.3/bin/Release" />
			<Add directory="../UG_sfml/lib" />
			<Add directory="../UG_libavc/lib" />
		</Linker>
		<Unit filename="include/GUI/Elements/Button.hpp">
			<Option virtualFolder="GUI/Elements/" />
		</Unit>
		<Unit filename="include/GUI/Elements/Canvas.hpp">
			<Option virtualFolder="GUI/Elements/" />
		</Unit>
		<Unit filename="include/GUI/Elements/CheckBox.hpp">
			<Option virtualFolder="GUI/Elements/" />
		</Unit>
		<Unit filename="include/GUI/Elements/CodeBox.hpp">
			<Option virtualFolder="GUI/Elements/" />
		</Unit>
		<Unit filename="include/GUI/Elements/HorSlider.hpp">
			<Option virtualFolder="GUI/Elements/" />
		</Unit>
		<Unit filename="include/GUI/Elements/Label.hpp">
			<Option virtualFolder="GUI/Elements/" />
		</Unit>
		<Unit filename="include/GUI/Elements/Picture.hpp">
			<Option virtualFolder="GUI/Elements/" />
		</Unit>
		<Unit filename="include/GUI/Elements/ProgBar.hpp">
			<Option virtualFolder="GUI/Elements/" />
		</Unit>
		<Unit filename="include/GUI/Elements/TextBox.hpp">
			<Option virtualFolder="GUI/Elements/" />
		</Unit>
		<Unit filename="include/GUI/Elements/VertSlider.hpp">
			<Option virtualFolder="GUI/Elements/" />
		</Unit>
		<Unit filename="include/GUI/GUIDockItem.hpp">
			<Option virtualFolder="GUI/" />
		</Unit>
		<Unit filename="include/GUI/GUIElement.hpp">
			<Option virtualFolder="GUI/" />
		</Unit>
		<Unit filename="include/GUI/GUIManager.hpp">
			<Option virtualFolder="GUI/" />
		</Unit>
		<Unit filename="include/GUI/GUIMenu.hpp">
			<Option virtualFolder="GUI/" />
		</Unit>
		<Unit filename="include/MemoryBank/DataBank.hpp">
			<Option virtualFolder="MemoryBank/" />
		</Unit>
		<Unit filename="include/MemoryBank/Debug.hpp">
			<Option virtualFolder="MemoryBank/" />
		</Unit>
		<Unit filename="include/MemoryBank/Entities/Action.hpp">
			<Option virtualFolder="MemoryBank/Entities/" />
		</Unit>
		<Unit filename="include/MemoryBank/Entities/Font.hpp">
			<Option virtualFolder="MemoryBank/Entities/" />
		</Unit>
		<Unit filename="include/MemoryBank/Entities/Script.hpp">
			<Option virtualFolder="MemoryBank/Entities/" />
		</Unit>
		<Unit filename="include/MemoryBank/Entities/Sound.hpp">
			<Option virtualFolder="MemoryBank/Entities/" />
		</Unit>
		<Unit filename="include/MemoryBank/Entities/Texture.hpp">
			<Option virtualFolder="MemoryBank/Entities/" />
		</Unit>
		<Unit filename="include/MemoryBank/Entities/Track.hpp">
			<Option virtualFolder="MemoryBank/Entities/" />
		</Unit>
		<Unit filename="include/MemoryBank/Entities/Video.hpp">
			<Option virtualFolder="MemoryBank/Entities/" />
		</Unit>
		<Unit filename="include/MemoryBank/Level/Level.hpp">
			<Option virtualFolder="MemoryBank/Level/" />
		</Unit>
		<Unit filename="include/MemoryBank/Level/SolarSystem.hpp">
			<Option virtualFolder="MemoryBank/Level/" />
		</Unit>
		<Unit filename="include/MemoryBank/Level/SpaceObject.hpp">
			<Option virtualFolder="MemoryBank/Level/" />
		</Unit>
		<Unit filename="include/MemoryBank/Level/Vector.hpp">
			<Option virtualFolder="MemoryBank/Level/" />
		</Unit>
		<Unit filename="include/MemoryBank/LocalControl.hpp">
			<Option virtualFolder="MemoryBank/" />
		</Unit>
		<Unit filename="include/MemoryBank/Settings.hpp">
			<Option virtualFolder="MemoryBank/Entities/" />
		</Unit>
		<Unit filename="include/Processing/EventManager.hpp">
			<Option virtualFolder="Processing/" />
		</Unit>
		<Unit filename="include/Processing/GraphicsEngine.hpp">
			<Option virtualFolder="Processing/" />
		</Unit>
		<Unit filename="include/Processing/ModModule.hpp">
			<Option virtualFolder="Processing/" />
		</Unit>
		<Unit filename="include/Processing/PhysicsEngine.hpp">
			<Option virtualFolder="Processing/" />
		</Unit>
		<Unit filename="include/Utilities/FileLogger.hpp">
			<Option virtualFolder="Utilities/" />
		</Unit>
		<Unit filename="include/Utilities/Logger.hpp">
			<Option virtualFolder="Utilities/" />
		</Unit>
		<Unit filename="include/Utilities/VERSION.hpp">
			<Option virtualFolder="Utilities/" />
		</Unit>
		<Unit filename="include/Utilities/util.hpp">
			<Option virtualFolder="Utilities/" />
		</Unit>
		<Unit filename="src/GUI/Elements/Button.cpp">
			<Option virtualFolder="GUI/Elements/" />
		</Unit>
		<Unit filename="src/GUI/Elements/Canvas.cpp">
			<Option virtualFolder="GUI/Elements/" />
		</Unit>
		<Unit filename="src/GUI/Elements/CodeBox.cpp">
			<Option virtualFolder="GUI/Elements/" />
		</Unit>
		<Unit filename="src/GUI/Elements/HorSlider.cpp">
			<Option virtualFolder="GUI/Elements/" />
		</Unit>
		<Unit filename="src/GUI/Elements/Label.cpp">
			<Option virtualFolder="GUI/Elements/" />
		</Unit>
		<Unit filename="src/GUI/Elements/TextBox.cpp">
			<Option virtualFolder="GUI/Elements/" />
		</Unit>
		<Unit filename="src/GUI/Elements/VertSlider.cpp">
			<Option virtualFolder="GUI/Elements/" />
		</Unit>
		<Unit filename="src/GUI/GUIDockItem.cpp">
			<Option virtualFolder="GUI/" />
		</Unit>
		<Unit filename="src/GUI/GUIElement.cpp">
			<Option virtualFolder="GUI/" />
		</Unit>
		<Unit filename="src/GUI/GUIManager.cpp">
			<Option virtualFolder="GUI/" />
		</Unit>
		<Unit filename="src/GUI/GUIMenu.cpp">
			<Option virtualFolder="GUI/" />
		</Unit>
		<Unit filename="src/MemoryBank/DataBank.cpp">
			<Option virtualFolder="MemoryBank/" />
		</Unit>
		<Unit filename="src/MemoryBank/Entities/Font.cpp">
			<Option virtualFolder="MemoryBank/Entities/" />
		</Unit>
		<Unit filename="src/MemoryBank/Entities/Script.cpp">
			<Option virtualFolder="MemoryBank/Entities/" />
		</Unit>
		<Unit filename="src/MemoryBank/Entities/Sound.cpp">
			<Option virtualFolder="MemoryBank/Entities/" />
		</Unit>
		<Unit filename="src/MemoryBank/Entities/Texture.cpp">
			<Option virtualFolder="MemoryBank/Entities/" />
		</Unit>
		<Unit filename="src/MemoryBank/Entities/Track.cpp">
			<Option virtualFolder="MemoryBank/Entities/" />
		</Unit>
		<Unit filename="src/MemoryBank/Entities/Video.cpp">
			<Option virtualFolder="MemoryBank/Entities/" />
		</Unit>
		<Unit filename="src/MemoryBank/Level/Level.cpp">
			<Option virtualFolder="MemoryBank/Level/" />
		</Unit>
		<Unit filename="src/MemoryBank/Level/LocalControl.cpp">
			<Option virtualFolder="MemoryBank/Level/" />
		</Unit>
		<Unit filename="src/MemoryBank/Level/SolarSystem.cpp">
			<Option virtualFolder="MemoryBank/Level/" />
		</Unit>
		<Unit filename="src/MemoryBank/Level/SpaceObject.cpp">
			<Option virtualFolder="MemoryBank/Level/" />
		</Unit>
		<Unit filename="src/MemoryBank/Level/Vector.cpp">
			<Option virtualFolder="MemoryBank/Level/" />
		</Unit>
		<Unit filename="src/Processing/EventManager.cpp">
			<Option virtualFolder="Processing/" />
		</Unit>
		<Unit filename="src/Processing/GraphicsEngine.cpp">
			<Option virtualFolder="Processing/" />
		</Unit>
		<Unit filename="src/Processing/ModModule.cpp">
			<Option virtualFolder="Processing/" />
		</Unit>
		<Unit filename="src/Processing/PhysicsEngine.cpp">
			<Option virtualFolder="Processing/" />
		</Unit>
		<Unit filename="src/Processing/main.cpp">
			<Option virtualFolder="Processing/" />
		</Unit>
		<Unit filename="src/Utilities/FileLogger.cpp">
			<Option virtualFolder="Utilities/" />
		</Unit>
		<Unit filename="src/Utilities/Logger.cpp">
			<Option virtualFolder="Utilities/" />
		</Unit>
		<Unit filename="src/Utilities/util.cpp">
			<Option virtualFolder="Utilities/" />
		</Unit>
		<Extensions>
			<code_completion />
			<debugger />
			<envvars />
			<editor_config active="1" use_tabs="0" tab_indents="1" tab_width="4" indent="4" eol_mode="0" />
			<AutoVersioning>
				<Scheme minor_max="10" build_max="0" rev_max="0" rev_rand_max="1" build_times_to_increment_minor="1" />
				<Settings autoincrement="0" date_declarations="0" use_define="0" update_manifest="0" do_auto_increment="0" ask_to_increment="0" language="C++" svn="0" svn_directory="" header_path="version.h" />
				<Changes_Log show_changes_editor="0" app_title="released version %M.%m.%b of %p" changeslog_path="ChangesLog.txt" />
				<Code header_guard="VERSION_H" namespace="version" prefix="" />
			</AutoVersioning>
		</Extensions>
	</Project>
</CodeBlocks_project_file>
