<?xml version="1.0" encoding="UTF-8" standalone="yes" ?>
<CodeBlocks_project_file>
   <FileVersion major="1" minor="6" />
   <Project>
      <Option title="SFML" />
      <Option makefile_is_custom="1" />
      <Option compiler="gcc" />
      <Option virtualFolders="CMake Files\;CMake Files\cmake\;CMake Files\cmake\Modules\;CMake Files\src\;CMake Files\src\SFML\;CMake Files\src\SFML\System\;CMake Files\src\SFML\Main\;CMake Files\src\SFML\Window\;CMake Files\src\SFML\Network\;CMake Files\src\SFML\Graphics\;CMake Files\src\SFML\Audio\;" />
      <Build>
      <Target title="all">
         <Option working_dir="C:/Users/InDie/Bibliotheken/Documents/GitHub/--UntitledGame--/libraries/SFML-Framework/builds/static-debug" />
         <Option type="4" />
         <MakeCommands>
            <Build command="C:/PROGRA~1/CODEBL~1/MinGW/bin/mingw32-make.exe -f &quot;C:/Users/InDie/Bibliotheken/Documents/GitHub/--UntitledGame--/libraries/SFML-Framework/builds/static-debug/Makefile&quot;  VERBOSE=1 all" />
            <CompileFile command="C:/PROGRA~1/CODEBL~1/MinGW/bin/mingw32-make.exe -f &quot;C:/Users/InDie/Bibliotheken/Documents/GitHub/--UntitledGame--/libraries/SFML-Framework/builds/static-debug/Makefile&quot;  VERBOSE=1 &quot;$file&quot;" />
            <Clean command="C:/PROGRA~1/CODEBL~1/MinGW/bin/mingw32-make.exe -f &quot;C:/Users/InDie/Bibliotheken/Documents/GitHub/--UntitledGame--/libraries/SFML-Framework/builds/static-debug/Makefile&quot;  VERBOSE=1 clean" />
            <DistClean command="C:/PROGRA~1/CODEBL~1/MinGW/bin/mingw32-make.exe -f &quot;C:/Users/InDie/Bibliotheken/Documents/GitHub/--UntitledGame--/libraries/SFML-Framework/builds/static-debug/Makefile&quot;  VERBOSE=1 clean" />
         </MakeCommands>
      </Target>
      <Target title="edit_cache">
         <Option working_dir="C:/Users/InDie/Bibliotheken/Documents/GitHub/--UntitledGame--/libraries/SFML-Framework/builds/static-debug" />
         <Option type="4" />
         <MakeCommands>
            <Build command="C:/PROGRA~1/CODEBL~1/MinGW/bin/mingw32-make.exe -f &quot;C:/Users/InDie/Bibliotheken/Documents/GitHub/--UntitledGame--/libraries/SFML-Framework/builds/static-debug/Makefile&quot;  VERBOSE=1 edit_cache" />
            <CompileFile command="C:/PROGRA~1/CODEBL~1/MinGW/bin/mingw32-make.exe -f &quot;C:/Users/InDie/Bibliotheken/Documents/GitHub/--UntitledGame--/libraries/SFML-Framework/builds/static-debug/Makefile&quot;  VERBOSE=1 &quot;$file&quot;" />
            <Clean command="C:/PROGRA~1/CODEBL~1/MinGW/bin/mingw32-make.exe -f &quot;C:/Users/InDie/Bibliotheken/Documents/GitHub/--UntitledGame--/libraries/SFML-Framework/builds/static-debug/Makefile&quot;  VERBOSE=1 clean" />
            <DistClean command="C:/PROGRA~1/CODEBL~1/MinGW/bin/mingw32-make.exe -f &quot;C:/Users/InDie/Bibliotheken/Documents/GitHub/--UntitledGame--/libraries/SFML-Framework/builds/static-debug/Makefile&quot;  VERBOSE=1 clean" />
         </MakeCommands>
      </Target>
      <Target title="install">
         <Option working_dir="C:/Users/InDie/Bibliotheken/Documents/GitHub/--UntitledGame--/libraries/SFML-Framework/builds/static-debug" />
         <Option type="4" />
         <MakeCommands>
            <Build command="C:/PROGRA~1/CODEBL~1/MinGW/bin/mingw32-make.exe -f &quot;C:/Users/InDie/Bibliotheken/Documents/GitHub/--UntitledGame--/libraries/SFML-Framework/builds/static-debug/Makefile&quot;  VERBOSE=1 install" />
            <CompileFile command="C:/PROGRA~1/CODEBL~1/MinGW/bin/mingw32-make.exe -f &quot;C:/Users/InDie/Bibliotheken/Documents/GitHub/--UntitledGame--/libraries/SFML-Framework/builds/static-debug/Makefile&quot;  VERBOSE=1 &quot;$file&quot;" />
            <Clean command="C:/PROGRA~1/CODEBL~1/MinGW/bin/mingw32-make.exe -f &quot;C:/Users/InDie/Bibliotheken/Documents/GitHub/--UntitledGame--/libraries/SFML-Framework/builds/static-debug/Makefile&quot;  VERBOSE=1 clean" />
            <DistClean command="C:/PROGRA~1/CODEBL~1/MinGW/bin/mingw32-make.exe -f &quot;C:/Users/InDie/Bibliotheken/Documents/GitHub/--UntitledGame--/libraries/SFML-Framework/builds/static-debug/Makefile&quot;  VERBOSE=1 clean" />
         </MakeCommands>
      </Target>
      <Target title="install/local">
         <Option working_dir="C:/Users/InDie/Bibliotheken/Documents/GitHub/--UntitledGame--/libraries/SFML-Framework/builds/static-debug" />
         <Option type="4" />
         <MakeCommands>
            <Build command="C:/PROGRA~1/CODEBL~1/MinGW/bin/mingw32-make.exe -f &quot;C:/Users/InDie/Bibliotheken/Documents/GitHub/--UntitledGame--/libraries/SFML-Framework/builds/static-debug/Makefile&quot;  VERBOSE=1 install/local" />
            <CompileFile command="C:/PROGRA~1/CODEBL~1/MinGW/bin/mingw32-make.exe -f &quot;C:/Users/InDie/Bibliotheken/Documents/GitHub/--UntitledGame--/libraries/SFML-Framework/builds/static-debug/Makefile&quot;  VERBOSE=1 &quot;$file&quot;" />
            <Clean command="C:/PROGRA~1/CODEBL~1/MinGW/bin/mingw32-make.exe -f &quot;C:/Users/InDie/Bibliotheken/Documents/GitHub/--UntitledGame--/libraries/SFML-Framework/builds/static-debug/Makefile&quot;  VERBOSE=1 clean" />
            <DistClean command="C:/PROGRA~1/CODEBL~1/MinGW/bin/mingw32-make.exe -f &quot;C:/Users/InDie/Bibliotheken/Documents/GitHub/--UntitledGame--/libraries/SFML-Framework/builds/static-debug/Makefile&quot;  VERBOSE=1 clean" />
         </MakeCommands>
      </Target>
      <Target title="install/strip">
         <Option working_dir="C:/Users/InDie/Bibliotheken/Documents/GitHub/--UntitledGame--/libraries/SFML-Framework/builds/static-debug" />
         <Option type="4" />
         <MakeCommands>
            <Build command="C:/PROGRA~1/CODEBL~1/MinGW/bin/mingw32-make.exe -f &quot;C:/Users/InDie/Bibliotheken/Documents/GitHub/--UntitledGame--/libraries/SFML-Framework/builds/static-debug/Makefile&quot;  VERBOSE=1 install/strip" />
            <CompileFile command="C:/PROGRA~1/CODEBL~1/MinGW/bin/mingw32-make.exe -f &quot;C:/Users/InDie/Bibliotheken/Documents/GitHub/--UntitledGame--/libraries/SFML-Framework/builds/static-debug/Makefile&quot;  VERBOSE=1 &quot;$file&quot;" />
            <Clean command="C:/PROGRA~1/CODEBL~1/MinGW/bin/mingw32-make.exe -f &quot;C:/Users/InDie/Bibliotheken/Documents/GitHub/--UntitledGame--/libraries/SFML-Framework/builds/static-debug/Makefile&quot;  VERBOSE=1 clean" />
            <DistClean command="C:/PROGRA~1/CODEBL~1/MinGW/bin/mingw32-make.exe -f &quot;C:/Users/InDie/Bibliotheken/Documents/GitHub/--UntitledGame--/libraries/SFML-Framework/builds/static-debug/Makefile&quot;  VERBOSE=1 clean" />
         </MakeCommands>
      </Target>
      <Target title="list_install_components">
         <Option working_dir="C:/Users/InDie/Bibliotheken/Documents/GitHub/--UntitledGame--/libraries/SFML-Framework/builds/static-debug" />
         <Option type="4" />
         <MakeCommands>
            <Build command="C:/PROGRA~1/CODEBL~1/MinGW/bin/mingw32-make.exe -f &quot;C:/Users/InDie/Bibliotheken/Documents/GitHub/--UntitledGame--/libraries/SFML-Framework/builds/static-debug/Makefile&quot;  VERBOSE=1 list_install_components" />
            <CompileFile command="C:/PROGRA~1/CODEBL~1/MinGW/bin/mingw32-make.exe -f &quot;C:/Users/InDie/Bibliotheken/Documents/GitHub/--UntitledGame--/libraries/SFML-Framework/builds/static-debug/Makefile&quot;  VERBOSE=1 &quot;$file&quot;" />
            <Clean command="C:/PROGRA~1/CODEBL~1/MinGW/bin/mingw32-make.exe -f &quot;C:/Users/InDie/Bibliotheken/Documents/GitHub/--UntitledGame--/libraries/SFML-Framework/builds/static-debug/Makefile&quot;  VERBOSE=1 clean" />
            <DistClean command="C:/PROGRA~1/CODEBL~1/MinGW/bin/mingw32-make.exe -f &quot;C:/Users/InDie/Bibliotheken/Documents/GitHub/--UntitledGame--/libraries/SFML-Framework/builds/static-debug/Makefile&quot;  VERBOSE=1 clean" />
         </MakeCommands>
      </Target>
      <Target title="rebuild_cache">
         <Option working_dir="C:/Users/InDie/Bibliotheken/Documents/GitHub/--UntitledGame--/libraries/SFML-Framework/builds/static-debug" />
         <Option type="4" />
         <MakeCommands>
            <Build command="C:/PROGRA~1/CODEBL~1/MinGW/bin/mingw32-make.exe -f &quot;C:/Users/InDie/Bibliotheken/Documents/GitHub/--UntitledGame--/libraries/SFML-Framework/builds/static-debug/Makefile&quot;  VERBOSE=1 rebuild_cache" />
            <CompileFile command="C:/PROGRA~1/CODEBL~1/MinGW/bin/mingw32-make.exe -f &quot;C:/Users/InDie/Bibliotheken/Documents/GitHub/--UntitledGame--/libraries/SFML-Framework/builds/static-debug/Makefile&quot;  VERBOSE=1 &quot;$file&quot;" />
            <Clean command="C:/PROGRA~1/CODEBL~1/MinGW/bin/mingw32-make.exe -f &quot;C:/Users/InDie/Bibliotheken/Documents/GitHub/--UntitledGame--/libraries/SFML-Framework/builds/static-debug/Makefile&quot;  VERBOSE=1 clean" />
            <DistClean command="C:/PROGRA~1/CODEBL~1/MinGW/bin/mingw32-make.exe -f &quot;C:/Users/InDie/Bibliotheken/Documents/GitHub/--UntitledGame--/libraries/SFML-Framework/builds/static-debug/Makefile&quot;  VERBOSE=1 clean" />
         </MakeCommands>
      </Target>
      <Target title="sfml-system">
         <Option output="C:/Users/InDie/Bibliotheken/Documents/GitHub/--UntitledGame--/libraries/SFML-Framework/builds/static-debug/lib/libsfml-system-s-d.a" prefix_auto="0" extension_auto="0" />
         <Option working_dir="C:/Users/InDie/Bibliotheken/Documents/GitHub/--UntitledGame--/libraries/SFML-Framework/builds/static-debug/src/SFML/System" />
         <Option object_output="./" />
         <Option type="2" />
         <Option compiler="gcc" />
         <Compiler>
            <Add option="-DSFML_STATIC" />
            <Add directory="C:/Users/InDie/Bibliotheken/Documents/GitHub/--UntitledGame--/libraries/SFML-Framework/include" />
            <Add directory="C:/Users/InDie/Bibliotheken/Documents/GitHub/--UntitledGame--/libraries/SFML-Framework/src" />
            <Add directory="c:\program files\codeblocks\mingw\bin\../lib/gcc/mingw32/4.7.1/../../../../include" />
            <Add directory="c:\program files\codeblocks\mingw\bin\../lib/gcc/mingw32/4.7.1/include" />
            <Add directory="c:\program files\codeblocks\mingw\bin\../lib/gcc/mingw32/4.7.1/include-fixed" />
            <Add directory="c:\program files\codeblocks\mingw\bin\../lib/gcc/mingw32/4.7.1/include/c++" />
            <Add directory="c:\program files\codeblocks\mingw\bin\../lib/gcc/mingw32/4.7.1/include/c++/backward" />
            <Add directory="c:\program files\codeblocks\mingw\bin\../lib/gcc/mingw32/4.7.1/include/c++/mingw32" />
         </Compiler>
         <MakeCommands>
            <Build command="C:/PROGRA~1/CODEBL~1/MinGW/bin/mingw32-make.exe -f &quot;C:/Users/InDie/Bibliotheken/Documents/GitHub/--UntitledGame--/libraries/SFML-Framework/builds/static-debug/src/SFML/System/Makefile&quot;  VERBOSE=1 sfml-system" />
            <CompileFile command="C:/PROGRA~1/CODEBL~1/MinGW/bin/mingw32-make.exe -f &quot;C:/Users/InDie/Bibliotheken/Documents/GitHub/--UntitledGame--/libraries/SFML-Framework/builds/static-debug/src/SFML/System/Makefile&quot;  VERBOSE=1 &quot;$file&quot;" />
            <Clean command="C:/PROGRA~1/CODEBL~1/MinGW/bin/mingw32-make.exe -f &quot;C:/Users/InDie/Bibliotheken/Documents/GitHub/--UntitledGame--/libraries/SFML-Framework/builds/static-debug/src/SFML/System/Makefile&quot;  VERBOSE=1 clean" />
            <DistClean command="C:/PROGRA~1/CODEBL~1/MinGW/bin/mingw32-make.exe -f &quot;C:/Users/InDie/Bibliotheken/Documents/GitHub/--UntitledGame--/libraries/SFML-Framework/builds/static-debug/src/SFML/System/Makefile&quot;  VERBOSE=1 clean" />
         </MakeCommands>
      </Target>
      <Target title="sfml-system/fast">
         <Option output="C:/Users/InDie/Bibliotheken/Documents/GitHub/--UntitledGame--/libraries/SFML-Framework/builds/static-debug/lib/libsfml-system-s-d.a" prefix_auto="0" extension_auto="0" />
         <Option working_dir="C:/Users/InDie/Bibliotheken/Documents/GitHub/--UntitledGame--/libraries/SFML-Framework/builds/static-debug/src/SFML/System" />
         <Option object_output="./" />
         <Option type="2" />
         <Option compiler="gcc" />
         <Compiler>
            <Add option="-DSFML_STATIC" />
            <Add directory="C:/Users/InDie/Bibliotheken/Documents/GitHub/--UntitledGame--/libraries/SFML-Framework/include" />
            <Add directory="C:/Users/InDie/Bibliotheken/Documents/GitHub/--UntitledGame--/libraries/SFML-Framework/src" />
            <Add directory="c:\program files\codeblocks\mingw\bin\../lib/gcc/mingw32/4.7.1/../../../../include" />
            <Add directory="c:\program files\codeblocks\mingw\bin\../lib/gcc/mingw32/4.7.1/include" />
            <Add directory="c:\program files\codeblocks\mingw\bin\../lib/gcc/mingw32/4.7.1/include-fixed" />
            <Add directory="c:\program files\codeblocks\mingw\bin\../lib/gcc/mingw32/4.7.1/include/c++" />
            <Add directory="c:\program files\codeblocks\mingw\bin\../lib/gcc/mingw32/4.7.1/include/c++/backward" />
            <Add directory="c:\program files\codeblocks\mingw\bin\../lib/gcc/mingw32/4.7.1/include/c++/mingw32" />
         </Compiler>
         <MakeCommands>
            <Build command="C:/PROGRA~1/CODEBL~1/MinGW/bin/mingw32-make.exe -f &quot;C:/Users/InDie/Bibliotheken/Documents/GitHub/--UntitledGame--/libraries/SFML-Framework/builds/static-debug/src/SFML/System/Makefile&quot;  VERBOSE=1 sfml-system/fast" />
            <CompileFile command="C:/PROGRA~1/CODEBL~1/MinGW/bin/mingw32-make.exe -f &quot;C:/Users/InDie/Bibliotheken/Documents/GitHub/--UntitledGame--/libraries/SFML-Framework/builds/static-debug/src/SFML/System/Makefile&quot;  VERBOSE=1 &quot;$file&quot;" />
            <Clean command="C:/PROGRA~1/CODEBL~1/MinGW/bin/mingw32-make.exe -f &quot;C:/Users/InDie/Bibliotheken/Documents/GitHub/--UntitledGame--/libraries/SFML-Framework/builds/static-debug/src/SFML/System/Makefile&quot;  VERBOSE=1 clean" />
            <DistClean command="C:/PROGRA~1/CODEBL~1/MinGW/bin/mingw32-make.exe -f &quot;C:/Users/InDie/Bibliotheken/Documents/GitHub/--UntitledGame--/libraries/SFML-Framework/builds/static-debug/src/SFML/System/Makefile&quot;  VERBOSE=1 clean" />
         </MakeCommands>
      </Target>
      <Target title="sfml-main">
         <Option output="C:/Users/InDie/Bibliotheken/Documents/GitHub/--UntitledGame--/libraries/SFML-Framework/builds/static-debug/lib/libsfml-main-d.a" prefix_auto="0" extension_auto="0" />
         <Option working_dir="C:/Users/InDie/Bibliotheken/Documents/GitHub/--UntitledGame--/libraries/SFML-Framework/builds/static-debug/src/SFML/Main" />
         <Option object_output="./" />
         <Option type="2" />
         <Option compiler="gcc" />
         <Compiler>
            <Add option="-DSFML_STATIC" />
            <Add directory="C:/Users/InDie/Bibliotheken/Documents/GitHub/--UntitledGame--/libraries/SFML-Framework/include" />
            <Add directory="C:/Users/InDie/Bibliotheken/Documents/GitHub/--UntitledGame--/libraries/SFML-Framework/src" />
            <Add directory="c:\program files\codeblocks\mingw\bin\../lib/gcc/mingw32/4.7.1/../../../../include" />
            <Add directory="c:\program files\codeblocks\mingw\bin\../lib/gcc/mingw32/4.7.1/include" />
            <Add directory="c:\program files\codeblocks\mingw\bin\../lib/gcc/mingw32/4.7.1/include-fixed" />
            <Add directory="c:\program files\codeblocks\mingw\bin\../lib/gcc/mingw32/4.7.1/include/c++" />
            <Add directory="c:\program files\codeblocks\mingw\bin\../lib/gcc/mingw32/4.7.1/include/c++/backward" />
            <Add directory="c:\program files\codeblocks\mingw\bin\../lib/gcc/mingw32/4.7.1/include/c++/mingw32" />
         </Compiler>
         <MakeCommands>
            <Build command="C:/PROGRA~1/CODEBL~1/MinGW/bin/mingw32-make.exe -f &quot;C:/Users/InDie/Bibliotheken/Documents/GitHub/--UntitledGame--/libraries/SFML-Framework/builds/static-debug/src/SFML/Main/Makefile&quot;  VERBOSE=1 sfml-main" />
            <CompileFile command="C:/PROGRA~1/CODEBL~1/MinGW/bin/mingw32-make.exe -f &quot;C:/Users/InDie/Bibliotheken/Documents/GitHub/--UntitledGame--/libraries/SFML-Framework/builds/static-debug/src/SFML/Main/Makefile&quot;  VERBOSE=1 &quot;$file&quot;" />
            <Clean command="C:/PROGRA~1/CODEBL~1/MinGW/bin/mingw32-make.exe -f &quot;C:/Users/InDie/Bibliotheken/Documents/GitHub/--UntitledGame--/libraries/SFML-Framework/builds/static-debug/src/SFML/Main/Makefile&quot;  VERBOSE=1 clean" />
            <DistClean command="C:/PROGRA~1/CODEBL~1/MinGW/bin/mingw32-make.exe -f &quot;C:/Users/InDie/Bibliotheken/Documents/GitHub/--UntitledGame--/libraries/SFML-Framework/builds/static-debug/src/SFML/Main/Makefile&quot;  VERBOSE=1 clean" />
         </MakeCommands>
      </Target>
      <Target title="sfml-main/fast">
         <Option output="C:/Users/InDie/Bibliotheken/Documents/GitHub/--UntitledGame--/libraries/SFML-Framework/builds/static-debug/lib/libsfml-main-d.a" prefix_auto="0" extension_auto="0" />
         <Option working_dir="C:/Users/InDie/Bibliotheken/Documents/GitHub/--UntitledGame--/libraries/SFML-Framework/builds/static-debug/src/SFML/Main" />
         <Option object_output="./" />
         <Option type="2" />
         <Option compiler="gcc" />
         <Compiler>
            <Add option="-DSFML_STATIC" />
            <Add directory="C:/Users/InDie/Bibliotheken/Documents/GitHub/--UntitledGame--/libraries/SFML-Framework/include" />
            <Add directory="C:/Users/InDie/Bibliotheken/Documents/GitHub/--UntitledGame--/libraries/SFML-Framework/src" />
            <Add directory="c:\program files\codeblocks\mingw\bin\../lib/gcc/mingw32/4.7.1/../../../../include" />
            <Add directory="c:\program files\codeblocks\mingw\bin\../lib/gcc/mingw32/4.7.1/include" />
            <Add directory="c:\program files\codeblocks\mingw\bin\../lib/gcc/mingw32/4.7.1/include-fixed" />
            <Add directory="c:\program files\codeblocks\mingw\bin\../lib/gcc/mingw32/4.7.1/include/c++" />
            <Add directory="c:\program files\codeblocks\mingw\bin\../lib/gcc/mingw32/4.7.1/include/c++/backward" />
            <Add directory="c:\program files\codeblocks\mingw\bin\../lib/gcc/mingw32/4.7.1/include/c++/mingw32" />
         </Compiler>
         <MakeCommands>
            <Build command="C:/PROGRA~1/CODEBL~1/MinGW/bin/mingw32-make.exe -f &quot;C:/Users/InDie/Bibliotheken/Documents/GitHub/--UntitledGame--/libraries/SFML-Framework/builds/static-debug/src/SFML/Main/Makefile&quot;  VERBOSE=1 sfml-main/fast" />
            <CompileFile command="C:/PROGRA~1/CODEBL~1/MinGW/bin/mingw32-make.exe -f &quot;C:/Users/InDie/Bibliotheken/Documents/GitHub/--UntitledGame--/libraries/SFML-Framework/builds/static-debug/src/SFML/Main/Makefile&quot;  VERBOSE=1 &quot;$file&quot;" />
            <Clean command="C:/PROGRA~1/CODEBL~1/MinGW/bin/mingw32-make.exe -f &quot;C:/Users/InDie/Bibliotheken/Documents/GitHub/--UntitledGame--/libraries/SFML-Framework/builds/static-debug/src/SFML/Main/Makefile&quot;  VERBOSE=1 clean" />
            <DistClean command="C:/PROGRA~1/CODEBL~1/MinGW/bin/mingw32-make.exe -f &quot;C:/Users/InDie/Bibliotheken/Documents/GitHub/--UntitledGame--/libraries/SFML-Framework/builds/static-debug/src/SFML/Main/Makefile&quot;  VERBOSE=1 clean" />
         </MakeCommands>
      </Target>
      <Target title="sfml-window">
         <Option output="C:/Users/InDie/Bibliotheken/Documents/GitHub/--UntitledGame--/libraries/SFML-Framework/builds/static-debug/lib/libsfml-window-s-d.a" prefix_auto="0" extension_auto="0" />
         <Option working_dir="C:/Users/InDie/Bibliotheken/Documents/GitHub/--UntitledGame--/libraries/SFML-Framework/builds/static-debug/src/SFML/Window" />
         <Option object_output="./" />
         <Option type="2" />
         <Option compiler="gcc" />
         <Compiler>
            <Add option="-DSFML_STATIC" />
            <Add option="-DUNICODE" />
            <Add option="-D_UNICODE" />
            <Add directory="C:/Users/InDie/Bibliotheken/Documents/GitHub/--UntitledGame--/libraries/SFML-Framework/include" />
            <Add directory="C:/Users/InDie/Bibliotheken/Documents/GitHub/--UntitledGame--/libraries/SFML-Framework/src" />
            <Add directory="c:\program files\codeblocks\mingw\bin\../lib/gcc/mingw32/4.7.1/../../../../include" />
            <Add directory="c:\program files\codeblocks\mingw\bin\../lib/gcc/mingw32/4.7.1/include" />
            <Add directory="c:\program files\codeblocks\mingw\bin\../lib/gcc/mingw32/4.7.1/include-fixed" />
            <Add directory="c:\program files\codeblocks\mingw\bin\../lib/gcc/mingw32/4.7.1/include/c++" />
            <Add directory="c:\program files\codeblocks\mingw\bin\../lib/gcc/mingw32/4.7.1/include/c++/backward" />
            <Add directory="c:\program files\codeblocks\mingw\bin\../lib/gcc/mingw32/4.7.1/include/c++/mingw32" />
         </Compiler>
         <MakeCommands>
            <Build command="C:/PROGRA~1/CODEBL~1/MinGW/bin/mingw32-make.exe -f &quot;C:/Users/InDie/Bibliotheken/Documents/GitHub/--UntitledGame--/libraries/SFML-Framework/builds/static-debug/src/SFML/Window/Makefile&quot;  VERBOSE=1 sfml-window" />
            <CompileFile command="C:/PROGRA~1/CODEBL~1/MinGW/bin/mingw32-make.exe -f &quot;C:/Users/InDie/Bibliotheken/Documents/GitHub/--UntitledGame--/libraries/SFML-Framework/builds/static-debug/src/SFML/Window/Makefile&quot;  VERBOSE=1 &quot;$file&quot;" />
            <Clean command="C:/PROGRA~1/CODEBL~1/MinGW/bin/mingw32-make.exe -f &quot;C:/Users/InDie/Bibliotheken/Documents/GitHub/--UntitledGame--/libraries/SFML-Framework/builds/static-debug/src/SFML/Window/Makefile&quot;  VERBOSE=1 clean" />
            <DistClean command="C:/PROGRA~1/CODEBL~1/MinGW/bin/mingw32-make.exe -f &quot;C:/Users/InDie/Bibliotheken/Documents/GitHub/--UntitledGame--/libraries/SFML-Framework/builds/static-debug/src/SFML/Window/Makefile&quot;  VERBOSE=1 clean" />
         </MakeCommands>
      </Target>
      <Target title="sfml-window/fast">
         <Option output="C:/Users/InDie/Bibliotheken/Documents/GitHub/--UntitledGame--/libraries/SFML-Framework/builds/static-debug/lib/libsfml-window-s-d.a" prefix_auto="0" extension_auto="0" />
         <Option working_dir="C:/Users/InDie/Bibliotheken/Documents/GitHub/--UntitledGame--/libraries/SFML-Framework/builds/static-debug/src/SFML/Window" />
         <Option object_output="./" />
         <Option type="2" />
         <Option compiler="gcc" />
         <Compiler>
            <Add option="-DSFML_STATIC" />
            <Add option="-DUNICODE" />
            <Add option="-D_UNICODE" />
            <Add directory="C:/Users/InDie/Bibliotheken/Documents/GitHub/--UntitledGame--/libraries/SFML-Framework/include" />
            <Add directory="C:/Users/InDie/Bibliotheken/Documents/GitHub/--UntitledGame--/libraries/SFML-Framework/src" />
            <Add directory="c:\program files\codeblocks\mingw\bin\../lib/gcc/mingw32/4.7.1/../../../../include" />
            <Add directory="c:\program files\codeblocks\mingw\bin\../lib/gcc/mingw32/4.7.1/include" />
            <Add directory="c:\program files\codeblocks\mingw\bin\../lib/gcc/mingw32/4.7.1/include-fixed" />
            <Add directory="c:\program files\codeblocks\mingw\bin\../lib/gcc/mingw32/4.7.1/include/c++" />
            <Add directory="c:\program files\codeblocks\mingw\bin\../lib/gcc/mingw32/4.7.1/include/c++/backward" />
            <Add directory="c:\program files\codeblocks\mingw\bin\../lib/gcc/mingw32/4.7.1/include/c++/mingw32" />
         </Compiler>
         <MakeCommands>
            <Build command="C:/PROGRA~1/CODEBL~1/MinGW/bin/mingw32-make.exe -f &quot;C:/Users/InDie/Bibliotheken/Documents/GitHub/--UntitledGame--/libraries/SFML-Framework/builds/static-debug/src/SFML/Window/Makefile&quot;  VERBOSE=1 sfml-window/fast" />
            <CompileFile command="C:/PROGRA~1/CODEBL~1/MinGW/bin/mingw32-make.exe -f &quot;C:/Users/InDie/Bibliotheken/Documents/GitHub/--UntitledGame--/libraries/SFML-Framework/builds/static-debug/src/SFML/Window/Makefile&quot;  VERBOSE=1 &quot;$file&quot;" />
            <Clean command="C:/PROGRA~1/CODEBL~1/MinGW/bin/mingw32-make.exe -f &quot;C:/Users/InDie/Bibliotheken/Documents/GitHub/--UntitledGame--/libraries/SFML-Framework/builds/static-debug/src/SFML/Window/Makefile&quot;  VERBOSE=1 clean" />
            <DistClean command="C:/PROGRA~1/CODEBL~1/MinGW/bin/mingw32-make.exe -f &quot;C:/Users/InDie/Bibliotheken/Documents/GitHub/--UntitledGame--/libraries/SFML-Framework/builds/static-debug/src/SFML/Window/Makefile&quot;  VERBOSE=1 clean" />
         </MakeCommands>
      </Target>
      <Target title="sfml-network">
         <Option output="C:/Users/InDie/Bibliotheken/Documents/GitHub/--UntitledGame--/libraries/SFML-Framework/builds/static-debug/lib/libsfml-network-s-d.a" prefix_auto="0" extension_auto="0" />
         <Option working_dir="C:/Users/InDie/Bibliotheken/Documents/GitHub/--UntitledGame--/libraries/SFML-Framework/builds/static-debug/src/SFML/Network" />
         <Option object_output="./" />
         <Option type="2" />
         <Option compiler="gcc" />
         <Compiler>
            <Add option="-DSFML_STATIC" />
            <Add directory="C:/Users/InDie/Bibliotheken/Documents/GitHub/--UntitledGame--/libraries/SFML-Framework/include" />
            <Add directory="C:/Users/InDie/Bibliotheken/Documents/GitHub/--UntitledGame--/libraries/SFML-Framework/src" />
            <Add directory="c:\program files\codeblocks\mingw\bin\../lib/gcc/mingw32/4.7.1/../../../../include" />
            <Add directory="c:\program files\codeblocks\mingw\bin\../lib/gcc/mingw32/4.7.1/include" />
            <Add directory="c:\program files\codeblocks\mingw\bin\../lib/gcc/mingw32/4.7.1/include-fixed" />
            <Add directory="c:\program files\codeblocks\mingw\bin\../lib/gcc/mingw32/4.7.1/include/c++" />
            <Add directory="c:\program files\codeblocks\mingw\bin\../lib/gcc/mingw32/4.7.1/include/c++/backward" />
            <Add directory="c:\program files\codeblocks\mingw\bin\../lib/gcc/mingw32/4.7.1/include/c++/mingw32" />
         </Compiler>
         <MakeCommands>
            <Build command="C:/PROGRA~1/CODEBL~1/MinGW/bin/mingw32-make.exe -f &quot;C:/Users/InDie/Bibliotheken/Documents/GitHub/--UntitledGame--/libraries/SFML-Framework/builds/static-debug/src/SFML/Network/Makefile&quot;  VERBOSE=1 sfml-network" />
            <CompileFile command="C:/PROGRA~1/CODEBL~1/MinGW/bin/mingw32-make.exe -f &quot;C:/Users/InDie/Bibliotheken/Documents/GitHub/--UntitledGame--/libraries/SFML-Framework/builds/static-debug/src/SFML/Network/Makefile&quot;  VERBOSE=1 &quot;$file&quot;" />
            <Clean command="C:/PROGRA~1/CODEBL~1/MinGW/bin/mingw32-make.exe -f &quot;C:/Users/InDie/Bibliotheken/Documents/GitHub/--UntitledGame--/libraries/SFML-Framework/builds/static-debug/src/SFML/Network/Makefile&quot;  VERBOSE=1 clean" />
            <DistClean command="C:/PROGRA~1/CODEBL~1/MinGW/bin/mingw32-make.exe -f &quot;C:/Users/InDie/Bibliotheken/Documents/GitHub/--UntitledGame--/libraries/SFML-Framework/builds/static-debug/src/SFML/Network/Makefile&quot;  VERBOSE=1 clean" />
         </MakeCommands>
      </Target>
      <Target title="sfml-network/fast">
         <Option output="C:/Users/InDie/Bibliotheken/Documents/GitHub/--UntitledGame--/libraries/SFML-Framework/builds/static-debug/lib/libsfml-network-s-d.a" prefix_auto="0" extension_auto="0" />
         <Option working_dir="C:/Users/InDie/Bibliotheken/Documents/GitHub/--UntitledGame--/libraries/SFML-Framework/builds/static-debug/src/SFML/Network" />
         <Option object_output="./" />
         <Option type="2" />
         <Option compiler="gcc" />
         <Compiler>
            <Add option="-DSFML_STATIC" />
            <Add directory="C:/Users/InDie/Bibliotheken/Documents/GitHub/--UntitledGame--/libraries/SFML-Framework/include" />
            <Add directory="C:/Users/InDie/Bibliotheken/Documents/GitHub/--UntitledGame--/libraries/SFML-Framework/src" />
            <Add directory="c:\program files\codeblocks\mingw\bin\../lib/gcc/mingw32/4.7.1/../../../../include" />
            <Add directory="c:\program files\codeblocks\mingw\bin\../lib/gcc/mingw32/4.7.1/include" />
            <Add directory="c:\program files\codeblocks\mingw\bin\../lib/gcc/mingw32/4.7.1/include-fixed" />
            <Add directory="c:\program files\codeblocks\mingw\bin\../lib/gcc/mingw32/4.7.1/include/c++" />
            <Add directory="c:\program files\codeblocks\mingw\bin\../lib/gcc/mingw32/4.7.1/include/c++/backward" />
            <Add directory="c:\program files\codeblocks\mingw\bin\../lib/gcc/mingw32/4.7.1/include/c++/mingw32" />
         </Compiler>
         <MakeCommands>
            <Build command="C:/PROGRA~1/CODEBL~1/MinGW/bin/mingw32-make.exe -f &quot;C:/Users/InDie/Bibliotheken/Documents/GitHub/--UntitledGame--/libraries/SFML-Framework/builds/static-debug/src/SFML/Network/Makefile&quot;  VERBOSE=1 sfml-network/fast" />
            <CompileFile command="C:/PROGRA~1/CODEBL~1/MinGW/bin/mingw32-make.exe -f &quot;C:/Users/InDie/Bibliotheken/Documents/GitHub/--UntitledGame--/libraries/SFML-Framework/builds/static-debug/src/SFML/Network/Makefile&quot;  VERBOSE=1 &quot;$file&quot;" />
            <Clean command="C:/PROGRA~1/CODEBL~1/MinGW/bin/mingw32-make.exe -f &quot;C:/Users/InDie/Bibliotheken/Documents/GitHub/--UntitledGame--/libraries/SFML-Framework/builds/static-debug/src/SFML/Network/Makefile&quot;  VERBOSE=1 clean" />
            <DistClean command="C:/PROGRA~1/CODEBL~1/MinGW/bin/mingw32-make.exe -f &quot;C:/Users/InDie/Bibliotheken/Documents/GitHub/--UntitledGame--/libraries/SFML-Framework/builds/static-debug/src/SFML/Network/Makefile&quot;  VERBOSE=1 clean" />
         </MakeCommands>
      </Target>
      <Target title="sfml-graphics">
         <Option output="C:/Users/InDie/Bibliotheken/Documents/GitHub/--UntitledGame--/libraries/SFML-Framework/builds/static-debug/lib/libsfml-graphics-s-d.a" prefix_auto="0" extension_auto="0" />
         <Option working_dir="C:/Users/InDie/Bibliotheken/Documents/GitHub/--UntitledGame--/libraries/SFML-Framework/builds/static-debug/src/SFML/Graphics" />
         <Option object_output="./" />
         <Option type="2" />
         <Option compiler="gcc" />
         <Compiler>
            <Add option="-DSFML_STATIC" />
            <Add option="-DGLEW_STATIC" />
            <Add option="-DSTBI_FAILURE_USERMSG" />
            <Add directory="C:/Users/InDie/Bibliotheken/Documents/GitHub/--UntitledGame--/libraries/SFML-Framework/extlibs/headers" />
            <Add directory="C:/Users/InDie/Bibliotheken/Documents/GitHub/--UntitledGame--/libraries/SFML-Framework/extlibs/headers/jpeg" />
            <Add directory="C:/Users/InDie/Bibliotheken/Documents/GitHub/--UntitledGame--/libraries/SFML-Framework/extlibs/headers/libfreetype/windows" />
            <Add directory="C:/Users/InDie/Bibliotheken/Documents/GitHub/--UntitledGame--/libraries/SFML-Framework/include" />
            <Add directory="C:/Users/InDie/Bibliotheken/Documents/GitHub/--UntitledGame--/libraries/SFML-Framework/src" />
            <Add directory="c:\program files\codeblocks\mingw\bin\../lib/gcc/mingw32/4.7.1/../../../../include" />
            <Add directory="c:\program files\codeblocks\mingw\bin\../lib/gcc/mingw32/4.7.1/include" />
            <Add directory="c:\program files\codeblocks\mingw\bin\../lib/gcc/mingw32/4.7.1/include-fixed" />
            <Add directory="c:\program files\codeblocks\mingw\bin\../lib/gcc/mingw32/4.7.1/include/c++" />
            <Add directory="c:\program files\codeblocks\mingw\bin\../lib/gcc/mingw32/4.7.1/include/c++/backward" />
            <Add directory="c:\program files\codeblocks\mingw\bin\../lib/gcc/mingw32/4.7.1/include/c++/mingw32" />
         </Compiler>
         <MakeCommands>
            <Build command="C:/PROGRA~1/CODEBL~1/MinGW/bin/mingw32-make.exe -f &quot;C:/Users/InDie/Bibliotheken/Documents/GitHub/--UntitledGame--/libraries/SFML-Framework/builds/static-debug/src/SFML/Graphics/Makefile&quot;  VERBOSE=1 sfml-graphics" />
            <CompileFile command="C:/PROGRA~1/CODEBL~1/MinGW/bin/mingw32-make.exe -f &quot;C:/Users/InDie/Bibliotheken/Documents/GitHub/--UntitledGame--/libraries/SFML-Framework/builds/static-debug/src/SFML/Graphics/Makefile&quot;  VERBOSE=1 &quot;$file&quot;" />
            <Clean command="C:/PROGRA~1/CODEBL~1/MinGW/bin/mingw32-make.exe -f &quot;C:/Users/InDie/Bibliotheken/Documents/GitHub/--UntitledGame--/libraries/SFML-Framework/builds/static-debug/src/SFML/Graphics/Makefile&quot;  VERBOSE=1 clean" />
            <DistClean command="C:/PROGRA~1/CODEBL~1/MinGW/bin/mingw32-make.exe -f &quot;C:/Users/InDie/Bibliotheken/Documents/GitHub/--UntitledGame--/libraries/SFML-Framework/builds/static-debug/src/SFML/Graphics/Makefile&quot;  VERBOSE=1 clean" />
         </MakeCommands>
      </Target>
      <Target title="sfml-graphics/fast">
         <Option output="C:/Users/InDie/Bibliotheken/Documents/GitHub/--UntitledGame--/libraries/SFML-Framework/builds/static-debug/lib/libsfml-graphics-s-d.a" prefix_auto="0" extension_auto="0" />
         <Option working_dir="C:/Users/InDie/Bibliotheken/Documents/GitHub/--UntitledGame--/libraries/SFML-Framework/builds/static-debug/src/SFML/Graphics" />
         <Option object_output="./" />
         <Option type="2" />
         <Option compiler="gcc" />
         <Compiler>
            <Add option="-DSFML_STATIC" />
            <Add option="-DGLEW_STATIC" />
            <Add option="-DSTBI_FAILURE_USERMSG" />
            <Add directory="C:/Users/InDie/Bibliotheken/Documents/GitHub/--UntitledGame--/libraries/SFML-Framework/extlibs/headers" />
            <Add directory="C:/Users/InDie/Bibliotheken/Documents/GitHub/--UntitledGame--/libraries/SFML-Framework/extlibs/headers/jpeg" />
            <Add directory="C:/Users/InDie/Bibliotheken/Documents/GitHub/--UntitledGame--/libraries/SFML-Framework/extlibs/headers/libfreetype/windows" />
            <Add directory="C:/Users/InDie/Bibliotheken/Documents/GitHub/--UntitledGame--/libraries/SFML-Framework/include" />
            <Add directory="C:/Users/InDie/Bibliotheken/Documents/GitHub/--UntitledGame--/libraries/SFML-Framework/src" />
            <Add directory="c:\program files\codeblocks\mingw\bin\../lib/gcc/mingw32/4.7.1/../../../../include" />
            <Add directory="c:\program files\codeblocks\mingw\bin\../lib/gcc/mingw32/4.7.1/include" />
            <Add directory="c:\program files\codeblocks\mingw\bin\../lib/gcc/mingw32/4.7.1/include-fixed" />
            <Add directory="c:\program files\codeblocks\mingw\bin\../lib/gcc/mingw32/4.7.1/include/c++" />
            <Add directory="c:\program files\codeblocks\mingw\bin\../lib/gcc/mingw32/4.7.1/include/c++/backward" />
            <Add directory="c:\program files\codeblocks\mingw\bin\../lib/gcc/mingw32/4.7.1/include/c++/mingw32" />
         </Compiler>
         <MakeCommands>
            <Build command="C:/PROGRA~1/CODEBL~1/MinGW/bin/mingw32-make.exe -f &quot;C:/Users/InDie/Bibliotheken/Documents/GitHub/--UntitledGame--/libraries/SFML-Framework/builds/static-debug/src/SFML/Graphics/Makefile&quot;  VERBOSE=1 sfml-graphics/fast" />
            <CompileFile command="C:/PROGRA~1/CODEBL~1/MinGW/bin/mingw32-make.exe -f &quot;C:/Users/InDie/Bibliotheken/Documents/GitHub/--UntitledGame--/libraries/SFML-Framework/builds/static-debug/src/SFML/Graphics/Makefile&quot;  VERBOSE=1 &quot;$file&quot;" />
            <Clean command="C:/PROGRA~1/CODEBL~1/MinGW/bin/mingw32-make.exe -f &quot;C:/Users/InDie/Bibliotheken/Documents/GitHub/--UntitledGame--/libraries/SFML-Framework/builds/static-debug/src/SFML/Graphics/Makefile&quot;  VERBOSE=1 clean" />
            <DistClean command="C:/PROGRA~1/CODEBL~1/MinGW/bin/mingw32-make.exe -f &quot;C:/Users/InDie/Bibliotheken/Documents/GitHub/--UntitledGame--/libraries/SFML-Framework/builds/static-debug/src/SFML/Graphics/Makefile&quot;  VERBOSE=1 clean" />
         </MakeCommands>
      </Target>
      <Target title="sfml-audio">
         <Option output="C:/Users/InDie/Bibliotheken/Documents/GitHub/--UntitledGame--/libraries/SFML-Framework/builds/static-debug/lib/libsfml-audio-s-d.a" prefix_auto="0" extension_auto="0" />
         <Option working_dir="C:/Users/InDie/Bibliotheken/Documents/GitHub/--UntitledGame--/libraries/SFML-Framework/builds/static-debug/src/SFML/Audio" />
         <Option object_output="./" />
         <Option type="2" />
         <Option compiler="gcc" />
         <Compiler>
            <Add option="-DSFML_STATIC" />
            <Add directory="C:/Users/InDie/Bibliotheken/Documents/GitHub/--UntitledGame--/libraries/SFML-Framework/extlibs/headers/AL" />
            <Add directory="C:/Users/InDie/Bibliotheken/Documents/GitHub/--UntitledGame--/libraries/SFML-Framework/extlibs/headers/libsndfile/windows" />
            <Add directory="C:/Users/InDie/Bibliotheken/Documents/GitHub/--UntitledGame--/libraries/SFML-Framework/include" />
            <Add directory="C:/Users/InDie/Bibliotheken/Documents/GitHub/--UntitledGame--/libraries/SFML-Framework/src" />
            <Add directory="c:\program files\codeblocks\mingw\bin\../lib/gcc/mingw32/4.7.1/../../../../include" />
            <Add directory="c:\program files\codeblocks\mingw\bin\../lib/gcc/mingw32/4.7.1/include" />
            <Add directory="c:\program files\codeblocks\mingw\bin\../lib/gcc/mingw32/4.7.1/include-fixed" />
            <Add directory="c:\program files\codeblocks\mingw\bin\../lib/gcc/mingw32/4.7.1/include/c++" />
            <Add directory="c:\program files\codeblocks\mingw\bin\../lib/gcc/mingw32/4.7.1/include/c++/backward" />
            <Add directory="c:\program files\codeblocks\mingw\bin\../lib/gcc/mingw32/4.7.1/include/c++/mingw32" />
         </Compiler>
         <MakeCommands>
            <Build command="C:/PROGRA~1/CODEBL~1/MinGW/bin/mingw32-make.exe -f &quot;C:/Users/InDie/Bibliotheken/Documents/GitHub/--UntitledGame--/libraries/SFML-Framework/builds/static-debug/src/SFML/Audio/Makefile&quot;  VERBOSE=1 sfml-audio" />
            <CompileFile command="C:/PROGRA~1/CODEBL~1/MinGW/bin/mingw32-make.exe -f &quot;C:/Users/InDie/Bibliotheken/Documents/GitHub/--UntitledGame--/libraries/SFML-Framework/builds/static-debug/src/SFML/Audio/Makefile&quot;  VERBOSE=1 &quot;$file&quot;" />
            <Clean command="C:/PROGRA~1/CODEBL~1/MinGW/bin/mingw32-make.exe -f &quot;C:/Users/InDie/Bibliotheken/Documents/GitHub/--UntitledGame--/libraries/SFML-Framework/builds/static-debug/src/SFML/Audio/Makefile&quot;  VERBOSE=1 clean" />
            <DistClean command="C:/PROGRA~1/CODEBL~1/MinGW/bin/mingw32-make.exe -f &quot;C:/Users/InDie/Bibliotheken/Documents/GitHub/--UntitledGame--/libraries/SFML-Framework/builds/static-debug/src/SFML/Audio/Makefile&quot;  VERBOSE=1 clean" />
         </MakeCommands>
      </Target>
      <Target title="sfml-audio/fast">
         <Option output="C:/Users/InDie/Bibliotheken/Documents/GitHub/--UntitledGame--/libraries/SFML-Framework/builds/static-debug/lib/libsfml-audio-s-d.a" prefix_auto="0" extension_auto="0" />
         <Option working_dir="C:/Users/InDie/Bibliotheken/Documents/GitHub/--UntitledGame--/libraries/SFML-Framework/builds/static-debug/src/SFML/Audio" />
         <Option object_output="./" />
         <Option type="2" />
         <Option compiler="gcc" />
         <Compiler>
            <Add option="-DSFML_STATIC" />
            <Add directory="C:/Users/InDie/Bibliotheken/Documents/GitHub/--UntitledGame--/libraries/SFML-Framework/extlibs/headers/AL" />
            <Add directory="C:/Users/InDie/Bibliotheken/Documents/GitHub/--UntitledGame--/libraries/SFML-Framework/extlibs/headers/libsndfile/windows" />
            <Add directory="C:/Users/InDie/Bibliotheken/Documents/GitHub/--UntitledGame--/libraries/SFML-Framework/include" />
            <Add directory="C:/Users/InDie/Bibliotheken/Documents/GitHub/--UntitledGame--/libraries/SFML-Framework/src" />
            <Add directory="c:\program files\codeblocks\mingw\bin\../lib/gcc/mingw32/4.7.1/../../../../include" />
            <Add directory="c:\program files\codeblocks\mingw\bin\../lib/gcc/mingw32/4.7.1/include" />
            <Add directory="c:\program files\codeblocks\mingw\bin\../lib/gcc/mingw32/4.7.1/include-fixed" />
            <Add directory="c:\program files\codeblocks\mingw\bin\../lib/gcc/mingw32/4.7.1/include/c++" />
            <Add directory="c:\program files\codeblocks\mingw\bin\../lib/gcc/mingw32/4.7.1/include/c++/backward" />
            <Add directory="c:\program files\codeblocks\mingw\bin\../lib/gcc/mingw32/4.7.1/include/c++/mingw32" />
         </Compiler>
         <MakeCommands>
            <Build command="C:/PROGRA~1/CODEBL~1/MinGW/bin/mingw32-make.exe -f &quot;C:/Users/InDie/Bibliotheken/Documents/GitHub/--UntitledGame--/libraries/SFML-Framework/builds/static-debug/src/SFML/Audio/Makefile&quot;  VERBOSE=1 sfml-audio/fast" />
            <CompileFile command="C:/PROGRA~1/CODEBL~1/MinGW/bin/mingw32-make.exe -f &quot;C:/Users/InDie/Bibliotheken/Documents/GitHub/--UntitledGame--/libraries/SFML-Framework/builds/static-debug/src/SFML/Audio/Makefile&quot;  VERBOSE=1 &quot;$file&quot;" />
            <Clean command="C:/PROGRA~1/CODEBL~1/MinGW/bin/mingw32-make.exe -f &quot;C:/Users/InDie/Bibliotheken/Documents/GitHub/--UntitledGame--/libraries/SFML-Framework/builds/static-debug/src/SFML/Audio/Makefile&quot;  VERBOSE=1 clean" />
            <DistClean command="C:/PROGRA~1/CODEBL~1/MinGW/bin/mingw32-make.exe -f &quot;C:/Users/InDie/Bibliotheken/Documents/GitHub/--UntitledGame--/libraries/SFML-Framework/builds/static-debug/src/SFML/Audio/Makefile&quot;  VERBOSE=1 clean" />
         </MakeCommands>
      </Target>
      </Build>
      <Unit filename="C:/Users/InDie/Bibliotheken/Documents/GitHub/--UntitledGame--/libraries/SFML-Framework/src/SFML/Audio/ALCheck.cpp">
      </Unit>
      <Unit filename="C:/Users/InDie/Bibliotheken/Documents/GitHub/--UntitledGame--/libraries/SFML-Framework/src/SFML/Audio/AudioDevice.cpp">
      </Unit>
      <Unit filename="C:/Users/InDie/Bibliotheken/Documents/GitHub/--UntitledGame--/libraries/SFML-Framework/src/SFML/Audio/Listener.cpp">
      </Unit>
      <Unit filename="C:/Users/InDie/Bibliotheken/Documents/GitHub/--UntitledGame--/libraries/SFML-Framework/src/SFML/Audio/Music.cpp">
      </Unit>
      <Unit filename="C:/Users/InDie/Bibliotheken/Documents/GitHub/--UntitledGame--/libraries/SFML-Framework/src/SFML/Audio/Sound.cpp">
      </Unit>
      <Unit filename="C:/Users/InDie/Bibliotheken/Documents/GitHub/--UntitledGame--/libraries/SFML-Framework/src/SFML/Audio/SoundBuffer.cpp">
      </Unit>
      <Unit filename="C:/Users/InDie/Bibliotheken/Documents/GitHub/--UntitledGame--/libraries/SFML-Framework/src/SFML/Audio/SoundBufferRecorder.cpp">
      </Unit>
      <Unit filename="C:/Users/InDie/Bibliotheken/Documents/GitHub/--UntitledGame--/libraries/SFML-Framework/src/SFML/Audio/SoundFile.cpp">
      </Unit>
      <Unit filename="C:/Users/InDie/Bibliotheken/Documents/GitHub/--UntitledGame--/libraries/SFML-Framework/src/SFML/Audio/SoundRecorder.cpp">
      </Unit>
      <Unit filename="C:/Users/InDie/Bibliotheken/Documents/GitHub/--UntitledGame--/libraries/SFML-Framework/src/SFML/Audio/SoundSource.cpp">
      </Unit>
      <Unit filename="C:/Users/InDie/Bibliotheken/Documents/GitHub/--UntitledGame--/libraries/SFML-Framework/src/SFML/Audio/SoundStream.cpp">
      </Unit>
      <Unit filename="C:/Users/InDie/Bibliotheken/Documents/GitHub/--UntitledGame--/libraries/SFML-Framework/src/SFML/Graphics/BlendMode.cpp">
      </Unit>
      <Unit filename="C:/Users/InDie/Bibliotheken/Documents/GitHub/--UntitledGame--/libraries/SFML-Framework/src/SFML/Graphics/CircleShape.cpp">
      </Unit>
      <Unit filename="C:/Users/InDie/Bibliotheken/Documents/GitHub/--UntitledGame--/libraries/SFML-Framework/src/SFML/Graphics/Color.cpp">
      </Unit>
      <Unit filename="C:/Users/InDie/Bibliotheken/Documents/GitHub/--UntitledGame--/libraries/SFML-Framework/src/SFML/Graphics/ConvexShape.cpp">
      </Unit>
      <Unit filename="C:/Users/InDie/Bibliotheken/Documents/GitHub/--UntitledGame--/libraries/SFML-Framework/src/SFML/Graphics/Font.cpp">
      </Unit>
      <Unit filename="C:/Users/InDie/Bibliotheken/Documents/GitHub/--UntitledGame--/libraries/SFML-Framework/src/SFML/Graphics/GLCheck.cpp">
      </Unit>
      <Unit filename="C:/Users/InDie/Bibliotheken/Documents/GitHub/--UntitledGame--/libraries/SFML-Framework/src/SFML/Graphics/GLExtensions.cpp">
      </Unit>
      <Unit filename="C:/Users/InDie/Bibliotheken/Documents/GitHub/--UntitledGame--/libraries/SFML-Framework/src/SFML/Graphics/Image.cpp">
      </Unit>
      <Unit filename="C:/Users/InDie/Bibliotheken/Documents/GitHub/--UntitledGame--/libraries/SFML-Framework/src/SFML/Graphics/ImageLoader.cpp">
      </Unit>
      <Unit filename="C:/Users/InDie/Bibliotheken/Documents/GitHub/--UntitledGame--/libraries/SFML-Framework/src/SFML/Graphics/RectangleShape.cpp">
      </Unit>
      <Unit filename="C:/Users/InDie/Bibliotheken/Documents/GitHub/--UntitledGame--/libraries/SFML-Framework/src/SFML/Graphics/RenderStates.cpp">
      </Unit>
      <Unit filename="C:/Users/InDie/Bibliotheken/Documents/GitHub/--UntitledGame--/libraries/SFML-Framework/src/SFML/Graphics/RenderTarget.cpp">
      </Unit>
      <Unit filename="C:/Users/InDie/Bibliotheken/Documents/GitHub/--UntitledGame--/libraries/SFML-Framework/src/SFML/Graphics/RenderTexture.cpp">
      </Unit>
      <Unit filename="C:/Users/InDie/Bibliotheken/Documents/GitHub/--UntitledGame--/libraries/SFML-Framework/src/SFML/Graphics/RenderTextureImpl.cpp">
      </Unit>
      <Unit filename="C:/Users/InDie/Bibliotheken/Documents/GitHub/--UntitledGame--/libraries/SFML-Framework/src/SFML/Graphics/RenderTextureImplDefault.cpp">
      </Unit>
      <Unit filename="C:/Users/InDie/Bibliotheken/Documents/GitHub/--UntitledGame--/libraries/SFML-Framework/src/SFML/Graphics/RenderTextureImplFBO.cpp">
      </Unit>
      <Unit filename="C:/Users/InDie/Bibliotheken/Documents/GitHub/--UntitledGame--/libraries/SFML-Framework/src/SFML/Graphics/RenderWindow.cpp">
      </Unit>
      <Unit filename="C:/Users/InDie/Bibliotheken/Documents/GitHub/--UntitledGame--/libraries/SFML-Framework/src/SFML/Graphics/Shader.cpp">
      </Unit>
      <Unit filename="C:/Users/InDie/Bibliotheken/Documents/GitHub/--UntitledGame--/libraries/SFML-Framework/src/SFML/Graphics/Shape.cpp">
      </Unit>
      <Unit filename="C:/Users/InDie/Bibliotheken/Documents/GitHub/--UntitledGame--/libraries/SFML-Framework/src/SFML/Graphics/Sprite.cpp">
      </Unit>
      <Unit filename="C:/Users/InDie/Bibliotheken/Documents/GitHub/--UntitledGame--/libraries/SFML-Framework/src/SFML/Graphics/Text.cpp">
      </Unit>
      <Unit filename="C:/Users/InDie/Bibliotheken/Documents/GitHub/--UntitledGame--/libraries/SFML-Framework/src/SFML/Graphics/Texture.cpp">
      </Unit>
      <Unit filename="C:/Users/InDie/Bibliotheken/Documents/GitHub/--UntitledGame--/libraries/SFML-Framework/src/SFML/Graphics/TextureSaver.cpp">
      </Unit>
      <Unit filename="C:/Users/InDie/Bibliotheken/Documents/GitHub/--UntitledGame--/libraries/SFML-Framework/src/SFML/Graphics/Transform.cpp">
      </Unit>
      <Unit filename="C:/Users/InDie/Bibliotheken/Documents/GitHub/--UntitledGame--/libraries/SFML-Framework/src/SFML/Graphics/Transformable.cpp">
      </Unit>
      <Unit filename="C:/Users/InDie/Bibliotheken/Documents/GitHub/--UntitledGame--/libraries/SFML-Framework/src/SFML/Graphics/Vertex.cpp">
      </Unit>
      <Unit filename="C:/Users/InDie/Bibliotheken/Documents/GitHub/--UntitledGame--/libraries/SFML-Framework/src/SFML/Graphics/VertexArray.cpp">
      </Unit>
      <Unit filename="C:/Users/InDie/Bibliotheken/Documents/GitHub/--UntitledGame--/libraries/SFML-Framework/src/SFML/Graphics/View.cpp">
      </Unit>
      <Unit filename="C:/Users/InDie/Bibliotheken/Documents/GitHub/--UntitledGame--/libraries/SFML-Framework/src/SFML/Main/MainWin32.cpp">
      </Unit>
      <Unit filename="C:/Users/InDie/Bibliotheken/Documents/GitHub/--UntitledGame--/libraries/SFML-Framework/src/SFML/Network/Ftp.cpp">
      </Unit>
      <Unit filename="C:/Users/InDie/Bibliotheken/Documents/GitHub/--UntitledGame--/libraries/SFML-Framework/src/SFML/Network/Http.cpp">
      </Unit>
      <Unit filename="C:/Users/InDie/Bibliotheken/Documents/GitHub/--UntitledGame--/libraries/SFML-Framework/src/SFML/Network/IpAddress.cpp">
      </Unit>
      <Unit filename="C:/Users/InDie/Bibliotheken/Documents/GitHub/--UntitledGame--/libraries/SFML-Framework/src/SFML/Network/Packet.cpp">
      </Unit>
      <Unit filename="C:/Users/InDie/Bibliotheken/Documents/GitHub/--UntitledGame--/libraries/SFML-Framework/src/SFML/Network/Socket.cpp">
      </Unit>
      <Unit filename="C:/Users/InDie/Bibliotheken/Documents/GitHub/--UntitledGame--/libraries/SFML-Framework/src/SFML/Network/SocketSelector.cpp">
      </Unit>
      <Unit filename="C:/Users/InDie/Bibliotheken/Documents/GitHub/--UntitledGame--/libraries/SFML-Framework/src/SFML/Network/TcpListener.cpp">
      </Unit>
      <Unit filename="C:/Users/InDie/Bibliotheken/Documents/GitHub/--UntitledGame--/libraries/SFML-Framework/src/SFML/Network/TcpSocket.cpp">
      </Unit>
      <Unit filename="C:/Users/InDie/Bibliotheken/Documents/GitHub/--UntitledGame--/libraries/SFML-Framework/src/SFML/Network/UdpSocket.cpp">
      </Unit>
      <Unit filename="C:/Users/InDie/Bibliotheken/Documents/GitHub/--UntitledGame--/libraries/SFML-Framework/src/SFML/Network/Win32/SocketImpl.cpp">
      </Unit>
      <Unit filename="C:/Users/InDie/Bibliotheken/Documents/GitHub/--UntitledGame--/libraries/SFML-Framework/src/SFML/System/Clock.cpp">
      </Unit>
      <Unit filename="C:/Users/InDie/Bibliotheken/Documents/GitHub/--UntitledGame--/libraries/SFML-Framework/src/SFML/System/Err.cpp">
      </Unit>
      <Unit filename="C:/Users/InDie/Bibliotheken/Documents/GitHub/--UntitledGame--/libraries/SFML-Framework/src/SFML/System/Lock.cpp">
      </Unit>
      <Unit filename="C:/Users/InDie/Bibliotheken/Documents/GitHub/--UntitledGame--/libraries/SFML-Framework/src/SFML/System/Mutex.cpp">
      </Unit>
      <Unit filename="C:/Users/InDie/Bibliotheken/Documents/GitHub/--UntitledGame--/libraries/SFML-Framework/src/SFML/System/Sleep.cpp">
      </Unit>
      <Unit filename="C:/Users/InDie/Bibliotheken/Documents/GitHub/--UntitledGame--/libraries/SFML-Framework/src/SFML/System/String.cpp">
      </Unit>
      <Unit filename="C:/Users/InDie/Bibliotheken/Documents/GitHub/--UntitledGame--/libraries/SFML-Framework/src/SFML/System/Thread.cpp">
      </Unit>
      <Unit filename="C:/Users/InDie/Bibliotheken/Documents/GitHub/--UntitledGame--/libraries/SFML-Framework/src/SFML/System/ThreadLocal.cpp">
      </Unit>
      <Unit filename="C:/Users/InDie/Bibliotheken/Documents/GitHub/--UntitledGame--/libraries/SFML-Framework/src/SFML/System/Time.cpp">
      </Unit>
      <Unit filename="C:/Users/InDie/Bibliotheken/Documents/GitHub/--UntitledGame--/libraries/SFML-Framework/src/SFML/System/Win32/ClockImpl.cpp">
      </Unit>
      <Unit filename="C:/Users/InDie/Bibliotheken/Documents/GitHub/--UntitledGame--/libraries/SFML-Framework/src/SFML/System/Win32/MutexImpl.cpp">
      </Unit>
      <Unit filename="C:/Users/InDie/Bibliotheken/Documents/GitHub/--UntitledGame--/libraries/SFML-Framework/src/SFML/System/Win32/SleepImpl.cpp">
      </Unit>
      <Unit filename="C:/Users/InDie/Bibliotheken/Documents/GitHub/--UntitledGame--/libraries/SFML-Framework/src/SFML/System/Win32/ThreadImpl.cpp">
      </Unit>
      <Unit filename="C:/Users/InDie/Bibliotheken/Documents/GitHub/--UntitledGame--/libraries/SFML-Framework/src/SFML/System/Win32/ThreadLocalImpl.cpp">
      </Unit>
      <Unit filename="C:/Users/InDie/Bibliotheken/Documents/GitHub/--UntitledGame--/libraries/SFML-Framework/src/SFML/Window/Context.cpp">
      </Unit>
      <Unit filename="C:/Users/InDie/Bibliotheken/Documents/GitHub/--UntitledGame--/libraries/SFML-Framework/src/SFML/Window/GlContext.cpp">
      </Unit>
      <Unit filename="C:/Users/InDie/Bibliotheken/Documents/GitHub/--UntitledGame--/libraries/SFML-Framework/src/SFML/Window/GlResource.cpp">
      </Unit>
      <Unit filename="C:/Users/InDie/Bibliotheken/Documents/GitHub/--UntitledGame--/libraries/SFML-Framework/src/SFML/Window/Joystick.cpp">
      </Unit>
      <Unit filename="C:/Users/InDie/Bibliotheken/Documents/GitHub/--UntitledGame--/libraries/SFML-Framework/src/SFML/Window/JoystickManager.cpp">
      </Unit>
      <Unit filename="C:/Users/InDie/Bibliotheken/Documents/GitHub/--UntitledGame--/libraries/SFML-Framework/src/SFML/Window/Keyboard.cpp">
      </Unit>
      <Unit filename="C:/Users/InDie/Bibliotheken/Documents/GitHub/--UntitledGame--/libraries/SFML-Framework/src/SFML/Window/Mouse.cpp">
      </Unit>
      <Unit filename="C:/Users/InDie/Bibliotheken/Documents/GitHub/--UntitledGame--/libraries/SFML-Framework/src/SFML/Window/Sensor.cpp">
      </Unit>
      <Unit filename="C:/Users/InDie/Bibliotheken/Documents/GitHub/--UntitledGame--/libraries/SFML-Framework/src/SFML/Window/SensorManager.cpp">
      </Unit>
      <Unit filename="C:/Users/InDie/Bibliotheken/Documents/GitHub/--UntitledGame--/libraries/SFML-Framework/src/SFML/Window/Touch.cpp">
      </Unit>
      <Unit filename="C:/Users/InDie/Bibliotheken/Documents/GitHub/--UntitledGame--/libraries/SFML-Framework/src/SFML/Window/VideoMode.cpp">
      </Unit>
      <Unit filename="C:/Users/InDie/Bibliotheken/Documents/GitHub/--UntitledGame--/libraries/SFML-Framework/src/SFML/Window/Win32/InputImpl.cpp">
      </Unit>
      <Unit filename="C:/Users/InDie/Bibliotheken/Documents/GitHub/--UntitledGame--/libraries/SFML-Framework/src/SFML/Window/Win32/JoystickImpl.cpp">
      </Unit>
      <Unit filename="C:/Users/InDie/Bibliotheken/Documents/GitHub/--UntitledGame--/libraries/SFML-Framework/src/SFML/Window/Win32/SensorImpl.cpp">
      </Unit>
      <Unit filename="C:/Users/InDie/Bibliotheken/Documents/GitHub/--UntitledGame--/libraries/SFML-Framework/src/SFML/Window/Win32/VideoModeImpl.cpp">
      </Unit>
      <Unit filename="C:/Users/InDie/Bibliotheken/Documents/GitHub/--UntitledGame--/libraries/SFML-Framework/src/SFML/Window/Win32/WglContext.cpp">
      </Unit>
      <Unit filename="C:/Users/InDie/Bibliotheken/Documents/GitHub/--UntitledGame--/libraries/SFML-Framework/src/SFML/Window/Win32/WindowImplWin32.cpp">
      </Unit>
      <Unit filename="C:/Users/InDie/Bibliotheken/Documents/GitHub/--UntitledGame--/libraries/SFML-Framework/src/SFML/Window/Window.cpp">
      </Unit>
      <Unit filename="C:/Users/InDie/Bibliotheken/Documents/GitHub/--UntitledGame--/libraries/SFML-Framework/src/SFML/Window/WindowImpl.cpp">
      </Unit>
      <Unit filename="C:/Users/InDie/Bibliotheken/Documents/GitHub/--UntitledGame--/libraries/SFML-Framework/include/SFML/Audio/Export.hpp">
      </Unit>
      <Unit filename="C:/Users/InDie/Bibliotheken/Documents/GitHub/--UntitledGame--/libraries/SFML-Framework/include/SFML/Audio/Listener.hpp">
      </Unit>
      <Unit filename="C:/Users/InDie/Bibliotheken/Documents/GitHub/--UntitledGame--/libraries/SFML-Framework/include/SFML/Audio/Music.hpp">
      </Unit>
      <Unit filename="C:/Users/InDie/Bibliotheken/Documents/GitHub/--UntitledGame--/libraries/SFML-Framework/include/SFML/Audio/Sound.hpp">
      </Unit>
      <Unit filename="C:/Users/InDie/Bibliotheken/Documents/GitHub/--UntitledGame--/libraries/SFML-Framework/include/SFML/Audio/SoundBuffer.hpp">
      </Unit>
      <Unit filename="C:/Users/InDie/Bibliotheken/Documents/GitHub/--UntitledGame--/libraries/SFML-Framework/include/SFML/Audio/SoundBufferRecorder.hpp">
      </Unit>
      <Unit filename="C:/Users/InDie/Bibliotheken/Documents/GitHub/--UntitledGame--/libraries/SFML-Framework/include/SFML/Audio/SoundRecorder.hpp">
      </Unit>
      <Unit filename="C:/Users/InDie/Bibliotheken/Documents/GitHub/--UntitledGame--/libraries/SFML-Framework/include/SFML/Audio/SoundSource.hpp">
      </Unit>
      <Unit filename="C:/Users/InDie/Bibliotheken/Documents/GitHub/--UntitledGame--/libraries/SFML-Framework/include/SFML/Audio/SoundStream.hpp">
      </Unit>
      <Unit filename="C:/Users/InDie/Bibliotheken/Documents/GitHub/--UntitledGame--/libraries/SFML-Framework/include/SFML/Graphics/BlendMode.hpp">
      </Unit>
      <Unit filename="C:/Users/InDie/Bibliotheken/Documents/GitHub/--UntitledGame--/libraries/SFML-Framework/include/SFML/Graphics/CircleShape.hpp">
      </Unit>
      <Unit filename="C:/Users/InDie/Bibliotheken/Documents/GitHub/--UntitledGame--/libraries/SFML-Framework/include/SFML/Graphics/Color.hpp">
      </Unit>
      <Unit filename="C:/Users/InDie/Bibliotheken/Documents/GitHub/--UntitledGame--/libraries/SFML-Framework/include/SFML/Graphics/ConvexShape.hpp">
      </Unit>
      <Unit filename="C:/Users/InDie/Bibliotheken/Documents/GitHub/--UntitledGame--/libraries/SFML-Framework/include/SFML/Graphics/Drawable.hpp">
      </Unit>
      <Unit filename="C:/Users/InDie/Bibliotheken/Documents/GitHub/--UntitledGame--/libraries/SFML-Framework/include/SFML/Graphics/Export.hpp">
      </Unit>
      <Unit filename="C:/Users/InDie/Bibliotheken/Documents/GitHub/--UntitledGame--/libraries/SFML-Framework/include/SFML/Graphics/Font.hpp">
      </Unit>
      <Unit filename="C:/Users/InDie/Bibliotheken/Documents/GitHub/--UntitledGame--/libraries/SFML-Framework/include/SFML/Graphics/Glyph.hpp">
      </Unit>
      <Unit filename="C:/Users/InDie/Bibliotheken/Documents/GitHub/--UntitledGame--/libraries/SFML-Framework/include/SFML/Graphics/Image.hpp">
      </Unit>
      <Unit filename="C:/Users/InDie/Bibliotheken/Documents/GitHub/--UntitledGame--/libraries/SFML-Framework/include/SFML/Graphics/PrimitiveType.hpp">
      </Unit>
      <Unit filename="C:/Users/InDie/Bibliotheken/Documents/GitHub/--UntitledGame--/libraries/SFML-Framework/include/SFML/Graphics/Rect.hpp">
      </Unit>
      <Unit filename="C:/Users/InDie/Bibliotheken/Documents/GitHub/--UntitledGame--/libraries/SFML-Framework/include/SFML/Graphics/Rect.inl">
      </Unit>
      <Unit filename="C:/Users/InDie/Bibliotheken/Documents/GitHub/--UntitledGame--/libraries/SFML-Framework/include/SFML/Graphics/RectangleShape.hpp">
      </Unit>
      <Unit filename="C:/Users/InDie/Bibliotheken/Documents/GitHub/--UntitledGame--/libraries/SFML-Framework/include/SFML/Graphics/RenderStates.hpp">
      </Unit>
      <Unit filename="C:/Users/InDie/Bibliotheken/Documents/GitHub/--UntitledGame--/libraries/SFML-Framework/include/SFML/Graphics/RenderTarget.hpp">
      </Unit>
      <Unit filename="C:/Users/InDie/Bibliotheken/Documents/GitHub/--UntitledGame--/libraries/SFML-Framework/include/SFML/Graphics/RenderTexture.hpp">
      </Unit>
      <Unit filename="C:/Users/InDie/Bibliotheken/Documents/GitHub/--UntitledGame--/libraries/SFML-Framework/include/SFML/Graphics/RenderWindow.hpp">
      </Unit>
      <Unit filename="C:/Users/InDie/Bibliotheken/Documents/GitHub/--UntitledGame--/libraries/SFML-Framework/include/SFML/Graphics/Shader.hpp">
      </Unit>
      <Unit filename="C:/Users/InDie/Bibliotheken/Documents/GitHub/--UntitledGame--/libraries/SFML-Framework/include/SFML/Graphics/Shape.hpp">
      </Unit>
      <Unit filename="C:/Users/InDie/Bibliotheken/Documents/GitHub/--UntitledGame--/libraries/SFML-Framework/include/SFML/Graphics/Sprite.hpp">
      </Unit>
      <Unit filename="C:/Users/InDie/Bibliotheken/Documents/GitHub/--UntitledGame--/libraries/SFML-Framework/include/SFML/Graphics/Text.hpp">
      </Unit>
      <Unit filename="C:/Users/InDie/Bibliotheken/Documents/GitHub/--UntitledGame--/libraries/SFML-Framework/include/SFML/Graphics/Texture.hpp">
      </Unit>
      <Unit filename="C:/Users/InDie/Bibliotheken/Documents/GitHub/--UntitledGame--/libraries/SFML-Framework/include/SFML/Graphics/Transform.hpp">
      </Unit>
      <Unit filename="C:/Users/InDie/Bibliotheken/Documents/GitHub/--UntitledGame--/libraries/SFML-Framework/include/SFML/Graphics/Transformable.hpp">
      </Unit>
      <Unit filename="C:/Users/InDie/Bibliotheken/Documents/GitHub/--UntitledGame--/libraries/SFML-Framework/include/SFML/Graphics/Vertex.hpp">
      </Unit>
      <Unit filename="C:/Users/InDie/Bibliotheken/Documents/GitHub/--UntitledGame--/libraries/SFML-Framework/include/SFML/Graphics/VertexArray.hpp">
      </Unit>
      <Unit filename="C:/Users/InDie/Bibliotheken/Documents/GitHub/--UntitledGame--/libraries/SFML-Framework/include/SFML/Graphics/View.hpp">
      </Unit>
      <Unit filename="C:/Users/InDie/Bibliotheken/Documents/GitHub/--UntitledGame--/libraries/SFML-Framework/include/SFML/Network/Export.hpp">
      </Unit>
      <Unit filename="C:/Users/InDie/Bibliotheken/Documents/GitHub/--UntitledGame--/libraries/SFML-Framework/include/SFML/Network/Ftp.hpp">
      </Unit>
      <Unit filename="C:/Users/InDie/Bibliotheken/Documents/GitHub/--UntitledGame--/libraries/SFML-Framework/include/SFML/Network/Http.hpp">
      </Unit>
      <Unit filename="C:/Users/InDie/Bibliotheken/Documents/GitHub/--UntitledGame--/libraries/SFML-Framework/include/SFML/Network/IpAddress.hpp">
      </Unit>
      <Unit filename="C:/Users/InDie/Bibliotheken/Documents/GitHub/--UntitledGame--/libraries/SFML-Framework/include/SFML/Network/Packet.hpp">
      </Unit>
      <Unit filename="C:/Users/InDie/Bibliotheken/Documents/GitHub/--UntitledGame--/libraries/SFML-Framework/include/SFML/Network/Socket.hpp">
      </Unit>
      <Unit filename="C:/Users/InDie/Bibliotheken/Documents/GitHub/--UntitledGame--/libraries/SFML-Framework/include/SFML/Network/SocketHandle.hpp">
      </Unit>
      <Unit filename="C:/Users/InDie/Bibliotheken/Documents/GitHub/--UntitledGame--/libraries/SFML-Framework/include/SFML/Network/SocketSelector.hpp">
      </Unit>
      <Unit filename="C:/Users/InDie/Bibliotheken/Documents/GitHub/--UntitledGame--/libraries/SFML-Framework/include/SFML/Network/TcpListener.hpp">
      </Unit>
      <Unit filename="C:/Users/InDie/Bibliotheken/Documents/GitHub/--UntitledGame--/libraries/SFML-Framework/include/SFML/Network/TcpSocket.hpp">
      </Unit>
      <Unit filename="C:/Users/InDie/Bibliotheken/Documents/GitHub/--UntitledGame--/libraries/SFML-Framework/include/SFML/Network/UdpSocket.hpp">
      </Unit>
      <Unit filename="C:/Users/InDie/Bibliotheken/Documents/GitHub/--UntitledGame--/libraries/SFML-Framework/include/SFML/System/Clock.hpp">
      </Unit>
      <Unit filename="C:/Users/InDie/Bibliotheken/Documents/GitHub/--UntitledGame--/libraries/SFML-Framework/include/SFML/System/Err.hpp">
      </Unit>
      <Unit filename="C:/Users/InDie/Bibliotheken/Documents/GitHub/--UntitledGame--/libraries/SFML-Framework/include/SFML/System/Export.hpp">
      </Unit>
      <Unit filename="C:/Users/InDie/Bibliotheken/Documents/GitHub/--UntitledGame--/libraries/SFML-Framework/include/SFML/System/InputStream.hpp">
      </Unit>
      <Unit filename="C:/Users/InDie/Bibliotheken/Documents/GitHub/--UntitledGame--/libraries/SFML-Framework/include/SFML/System/Lock.hpp">
      </Unit>
      <Unit filename="C:/Users/InDie/Bibliotheken/Documents/GitHub/--UntitledGame--/libraries/SFML-Framework/include/SFML/System/Mutex.hpp">
      </Unit>
      <Unit filename="C:/Users/InDie/Bibliotheken/Documents/GitHub/--UntitledGame--/libraries/SFML-Framework/include/SFML/System/NonCopyable.hpp">
      </Unit>
      <Unit filename="C:/Users/InDie/Bibliotheken/Documents/GitHub/--UntitledGame--/libraries/SFML-Framework/include/SFML/System/Sleep.hpp">
      </Unit>
      <Unit filename="C:/Users/InDie/Bibliotheken/Documents/GitHub/--UntitledGame--/libraries/SFML-Framework/include/SFML/System/String.hpp">
      </Unit>
      <Unit filename="C:/Users/InDie/Bibliotheken/Documents/GitHub/--UntitledGame--/libraries/SFML-Framework/include/SFML/System/String.inl">
      </Unit>
      <Unit filename="C:/Users/InDie/Bibliotheken/Documents/GitHub/--UntitledGame--/libraries/SFML-Framework/include/SFML/System/Thread.hpp">
      </Unit>
      <Unit filename="C:/Users/InDie/Bibliotheken/Documents/GitHub/--UntitledGame--/libraries/SFML-Framework/include/SFML/System/Thread.inl">
      </Unit>
      <Unit filename="C:/Users/InDie/Bibliotheken/Documents/GitHub/--UntitledGame--/libraries/SFML-Framework/include/SFML/System/ThreadLocal.hpp">
      </Unit>
      <Unit filename="C:/Users/InDie/Bibliotheken/Documents/GitHub/--UntitledGame--/libraries/SFML-Framework/include/SFML/System/ThreadLocalPtr.hpp">
      </Unit>
      <Unit filename="C:/Users/InDie/Bibliotheken/Documents/GitHub/--UntitledGame--/libraries/SFML-Framework/include/SFML/System/ThreadLocalPtr.inl">
      </Unit>
      <Unit filename="C:/Users/InDie/Bibliotheken/Documents/GitHub/--UntitledGame--/libraries/SFML-Framework/include/SFML/System/Time.hpp">
      </Unit>
      <Unit filename="C:/Users/InDie/Bibliotheken/Documents/GitHub/--UntitledGame--/libraries/SFML-Framework/include/SFML/System/Utf.hpp">
      </Unit>
      <Unit filename="C:/Users/InDie/Bibliotheken/Documents/GitHub/--UntitledGame--/libraries/SFML-Framework/include/SFML/System/Utf.inl">
      </Unit>
      <Unit filename="C:/Users/InDie/Bibliotheken/Documents/GitHub/--UntitledGame--/libraries/SFML-Framework/include/SFML/System/Vector2.hpp">
      </Unit>
      <Unit filename="C:/Users/InDie/Bibliotheken/Documents/GitHub/--UntitledGame--/libraries/SFML-Framework/include/SFML/System/Vector2.inl">
      </Unit>
      <Unit filename="C:/Users/InDie/Bibliotheken/Documents/GitHub/--UntitledGame--/libraries/SFML-Framework/include/SFML/System/Vector3.hpp">
      </Unit>
      <Unit filename="C:/Users/InDie/Bibliotheken/Documents/GitHub/--UntitledGame--/libraries/SFML-Framework/include/SFML/System/Vector3.inl">
      </Unit>
      <Unit filename="C:/Users/InDie/Bibliotheken/Documents/GitHub/--UntitledGame--/libraries/SFML-Framework/include/SFML/Window/Context.hpp">
      </Unit>
      <Unit filename="C:/Users/InDie/Bibliotheken/Documents/GitHub/--UntitledGame--/libraries/SFML-Framework/include/SFML/Window/ContextSettings.hpp">
      </Unit>
      <Unit filename="C:/Users/InDie/Bibliotheken/Documents/GitHub/--UntitledGame--/libraries/SFML-Framework/include/SFML/Window/Event.hpp">
      </Unit>
      <Unit filename="C:/Users/InDie/Bibliotheken/Documents/GitHub/--UntitledGame--/libraries/SFML-Framework/include/SFML/Window/Export.hpp">
      </Unit>
      <Unit filename="C:/Users/InDie/Bibliotheken/Documents/GitHub/--UntitledGame--/libraries/SFML-Framework/include/SFML/Window/GlResource.hpp">
      </Unit>
      <Unit filename="C:/Users/InDie/Bibliotheken/Documents/GitHub/--UntitledGame--/libraries/SFML-Framework/include/SFML/Window/Joystick.hpp">
      </Unit>
      <Unit filename="C:/Users/InDie/Bibliotheken/Documents/GitHub/--UntitledGame--/libraries/SFML-Framework/include/SFML/Window/Keyboard.hpp">
      </Unit>
      <Unit filename="C:/Users/InDie/Bibliotheken/Documents/GitHub/--UntitledGame--/libraries/SFML-Framework/include/SFML/Window/Mouse.hpp">
      </Unit>
      <Unit filename="C:/Users/InDie/Bibliotheken/Documents/GitHub/--UntitledGame--/libraries/SFML-Framework/include/SFML/Window/Sensor.hpp">
      </Unit>
      <Unit filename="C:/Users/InDie/Bibliotheken/Documents/GitHub/--UntitledGame--/libraries/SFML-Framework/include/SFML/Window/Touch.hpp">
      </Unit>
      <Unit filename="C:/Users/InDie/Bibliotheken/Documents/GitHub/--UntitledGame--/libraries/SFML-Framework/include/SFML/Window/VideoMode.hpp">
      </Unit>
      <Unit filename="C:/Users/InDie/Bibliotheken/Documents/GitHub/--UntitledGame--/libraries/SFML-Framework/include/SFML/Window/Window.hpp">
      </Unit>
      <Unit filename="C:/Users/InDie/Bibliotheken/Documents/GitHub/--UntitledGame--/libraries/SFML-Framework/include/SFML/Window/WindowHandle.hpp">
      </Unit>
      <Unit filename="C:/Users/InDie/Bibliotheken/Documents/GitHub/--UntitledGame--/libraries/SFML-Framework/include/SFML/Window/WindowStyle.hpp">
      </Unit>
      <Unit filename="C:/Users/InDie/Bibliotheken/Documents/GitHub/--UntitledGame--/libraries/SFML-Framework/src/SFML/Audio/ALCheck.hpp">
      </Unit>
      <Unit filename="C:/Users/InDie/Bibliotheken/Documents/GitHub/--UntitledGame--/libraries/SFML-Framework/src/SFML/Audio/AudioDevice.hpp">
      </Unit>
      <Unit filename="C:/Users/InDie/Bibliotheken/Documents/GitHub/--UntitledGame--/libraries/SFML-Framework/src/SFML/Audio/SoundFile.hpp">
      </Unit>
      <Unit filename="C:/Users/InDie/Bibliotheken/Documents/GitHub/--UntitledGame--/libraries/SFML-Framework/src/SFML/Graphics/GLCheck.hpp">
      </Unit>
      <Unit filename="C:/Users/InDie/Bibliotheken/Documents/GitHub/--UntitledGame--/libraries/SFML-Framework/src/SFML/Graphics/GLExtensions.hpp">
      </Unit>
      <Unit filename="C:/Users/InDie/Bibliotheken/Documents/GitHub/--UntitledGame--/libraries/SFML-Framework/src/SFML/Graphics/ImageLoader.hpp">
      </Unit>
      <Unit filename="C:/Users/InDie/Bibliotheken/Documents/GitHub/--UntitledGame--/libraries/SFML-Framework/src/SFML/Graphics/RenderTextureImpl.hpp">
      </Unit>
      <Unit filename="C:/Users/InDie/Bibliotheken/Documents/GitHub/--UntitledGame--/libraries/SFML-Framework/src/SFML/Graphics/RenderTextureImplDefault.hpp">
      </Unit>
      <Unit filename="C:/Users/InDie/Bibliotheken/Documents/GitHub/--UntitledGame--/libraries/SFML-Framework/src/SFML/Graphics/RenderTextureImplFBO.hpp">
      </Unit>
      <Unit filename="C:/Users/InDie/Bibliotheken/Documents/GitHub/--UntitledGame--/libraries/SFML-Framework/src/SFML/Graphics/TextureSaver.hpp">
      </Unit>
      <Unit filename="C:/Users/InDie/Bibliotheken/Documents/GitHub/--UntitledGame--/libraries/SFML-Framework/src/SFML/Graphics/stb_image/stb_image.h">
      </Unit>
      <Unit filename="C:/Users/InDie/Bibliotheken/Documents/GitHub/--UntitledGame--/libraries/SFML-Framework/src/SFML/Graphics/stb_image/stb_image_write.h">
      </Unit>
      <Unit filename="C:/Users/InDie/Bibliotheken/Documents/GitHub/--UntitledGame--/libraries/SFML-Framework/src/SFML/Network/SocketImpl.hpp">
      </Unit>
      <Unit filename="C:/Users/InDie/Bibliotheken/Documents/GitHub/--UntitledGame--/libraries/SFML-Framework/src/SFML/Network/Win32/SocketImpl.hpp">
      </Unit>
      <Unit filename="C:/Users/InDie/Bibliotheken/Documents/GitHub/--UntitledGame--/libraries/SFML-Framework/src/SFML/System/Win32/ClockImpl.hpp">
      </Unit>
      <Unit filename="C:/Users/InDie/Bibliotheken/Documents/GitHub/--UntitledGame--/libraries/SFML-Framework/src/SFML/System/Win32/MutexImpl.hpp">
      </Unit>
      <Unit filename="C:/Users/InDie/Bibliotheken/Documents/GitHub/--UntitledGame--/libraries/SFML-Framework/src/SFML/System/Win32/SleepImpl.hpp">
      </Unit>
      <Unit filename="C:/Users/InDie/Bibliotheken/Documents/GitHub/--UntitledGame--/libraries/SFML-Framework/src/SFML/System/Win32/ThreadImpl.hpp">
      </Unit>
      <Unit filename="C:/Users/InDie/Bibliotheken/Documents/GitHub/--UntitledGame--/libraries/SFML-Framework/src/SFML/System/Win32/ThreadLocalImpl.hpp">
      </Unit>
      <Unit filename="C:/Users/InDie/Bibliotheken/Documents/GitHub/--UntitledGame--/libraries/SFML-Framework/src/SFML/Window/GlContext.hpp">
      </Unit>
      <Unit filename="C:/Users/InDie/Bibliotheken/Documents/GitHub/--UntitledGame--/libraries/SFML-Framework/src/SFML/Window/InputImpl.hpp">
      </Unit>
      <Unit filename="C:/Users/InDie/Bibliotheken/Documents/GitHub/--UntitledGame--/libraries/SFML-Framework/src/SFML/Window/JoystickImpl.hpp">
      </Unit>
      <Unit filename="C:/Users/InDie/Bibliotheken/Documents/GitHub/--UntitledGame--/libraries/SFML-Framework/src/SFML/Window/JoystickManager.hpp">
      </Unit>
      <Unit filename="C:/Users/InDie/Bibliotheken/Documents/GitHub/--UntitledGame--/libraries/SFML-Framework/src/SFML/Window/SensorImpl.hpp">
      </Unit>
      <Unit filename="C:/Users/InDie/Bibliotheken/Documents/GitHub/--UntitledGame--/libraries/SFML-Framework/src/SFML/Window/SensorManager.hpp">
      </Unit>
      <Unit filename="C:/Users/InDie/Bibliotheken/Documents/GitHub/--UntitledGame--/libraries/SFML-Framework/src/SFML/Window/VideoModeImpl.hpp">
      </Unit>
      <Unit filename="C:/Users/InDie/Bibliotheken/Documents/GitHub/--UntitledGame--/libraries/SFML-Framework/src/SFML/Window/Win32/InputImpl.hpp">
      </Unit>
      <Unit filename="C:/Users/InDie/Bibliotheken/Documents/GitHub/--UntitledGame--/libraries/SFML-Framework/src/SFML/Window/Win32/JoystickImpl.hpp">
      </Unit>
      <Unit filename="C:/Users/InDie/Bibliotheken/Documents/GitHub/--UntitledGame--/libraries/SFML-Framework/src/SFML/Window/Win32/SensorImpl.hpp">
      </Unit>
      <Unit filename="C:/Users/InDie/Bibliotheken/Documents/GitHub/--UntitledGame--/libraries/SFML-Framework/src/SFML/Window/Win32/WglContext.hpp">
      </Unit>
      <Unit filename="C:/Users/InDie/Bibliotheken/Documents/GitHub/--UntitledGame--/libraries/SFML-Framework/src/SFML/Window/Win32/WindowImplWin32.hpp">
      </Unit>
      <Unit filename="C:/Users/InDie/Bibliotheken/Documents/GitHub/--UntitledGame--/libraries/SFML-Framework/src/SFML/Window/WindowImpl.hpp">
      </Unit>
      <Unit filename="C:/Users/InDie/Bibliotheken/Documents/GitHub/--UntitledGame--/libraries/SFML-Framework/CMakeLists.txt">
          <Option virtualFolder="CMake Files\" />
      </Unit>
      <Unit filename="C:/Users/InDie/Bibliotheken/Documents/GitHub/--UntitledGame--/libraries/SFML-Framework/cmake/Config.cmake">
          <Option virtualFolder="CMake Files\cmake\" />
      </Unit>
      <Unit filename="C:/Users/InDie/Bibliotheken/Documents/GitHub/--UntitledGame--/libraries/SFML-Framework/cmake/Macros.cmake">
          <Option virtualFolder="CMake Files\cmake\" />
      </Unit>
      <Unit filename="C:/Users/InDie/Bibliotheken/Documents/GitHub/--UntitledGame--/libraries/SFML-Framework/cmake/Modules/FindGLEW.cmake">
          <Option virtualFolder="CMake Files\cmake\Modules\" />
      </Unit>
      <Unit filename="C:/Users/InDie/Bibliotheken/Documents/GitHub/--UntitledGame--/libraries/SFML-Framework/cmake/Modules/FindSndfile.cmake">
          <Option virtualFolder="CMake Files\cmake\Modules\" />
      </Unit>
      <Unit filename="C:/Users/InDie/Bibliotheken/Documents/GitHub/--UntitledGame--/libraries/SFML-Framework/src/SFML/CMakeLists.txt">
          <Option virtualFolder="CMake Files\src\SFML\" />
      </Unit>
      <Unit filename="C:/Users/InDie/Bibliotheken/Documents/GitHub/--UntitledGame--/libraries/SFML-Framework/src/SFML/System/CMakeLists.txt">
          <Option virtualFolder="CMake Files\src\SFML\System\" />
      </Unit>
      <Unit filename="C:/Users/InDie/Bibliotheken/Documents/GitHub/--UntitledGame--/libraries/SFML-Framework/src/SFML/Main/CMakeLists.txt">
          <Option virtualFolder="CMake Files\src\SFML\Main\" />
      </Unit>
      <Unit filename="C:/Users/InDie/Bibliotheken/Documents/GitHub/--UntitledGame--/libraries/SFML-Framework/src/SFML/Window/CMakeLists.txt">
          <Option virtualFolder="CMake Files\src\SFML\Window\" />
      </Unit>
      <Unit filename="C:/Users/InDie/Bibliotheken/Documents/GitHub/--UntitledGame--/libraries/SFML-Framework/src/SFML/Network/CMakeLists.txt">
          <Option virtualFolder="CMake Files\src\SFML\Network\" />
      </Unit>
      <Unit filename="C:/Users/InDie/Bibliotheken/Documents/GitHub/--UntitledGame--/libraries/SFML-Framework/src/SFML/Graphics/CMakeLists.txt">
          <Option virtualFolder="CMake Files\src\SFML\Graphics\" />
      </Unit>
      <Unit filename="C:/Users/InDie/Bibliotheken/Documents/GitHub/--UntitledGame--/libraries/SFML-Framework/src/SFML/Audio/CMakeLists.txt">
          <Option virtualFolder="CMake Files\src\SFML\Audio\" />
      </Unit>
   </Project>
</CodeBlocks_project_file>
