<?xml version="1.0" encoding="utf-8"?>
<Project ToolsVersion="4.0" xmlns="http://schemas.microsoft.com/developer/msbuild/2003">
  <ItemGroup>
    <Text Include="makefile" />
  </ItemGroup>
  <ItemGroup>
    <Filter Include="Utilities">
      <UniqueIdentifier>{787b3c1d-5c9b-44f3-913d-e6f6769abe7e}</UniqueIdentifier>
    </Filter>
    <Filter Include="Core">
      <UniqueIdentifier>{f820f2cd-cf53-4ac6-9b0f-aa01276d9219}</UniqueIdentifier>
    </Filter>
  </ItemGroup>
  <ItemGroup>
    <ClCompile Include="..\src\Processing\main.cpp">
      <Filter>Core</Filter>
    </ClCompile>
    <ClCompile Include="..\src\Utilities\Logger.cpp">
      <Filter>Utilities</Filter>
    </ClCompile>
  </ItemGroup>
  <ItemGroup>
    <ClInclude Include="..\include\Utilities\Logger.hpp">
      <Filter>Utilities</Filter>
    </ClInclude>
    <ClInclude Include="..\include\Utilities\VERSION.hpp">
      <Filter>Utilities</Filter>
    </ClInclude>
  </ItemGroup>
  <ItemGroup>
    <None Include="ClassDiagram.cd" />
  </ItemGroup>
</Project>