<?xml version="1.0" encoding="utf-8"?>
<Project ToolsVersion="4.0" xmlns="http://schemas.microsoft.com/developer/msbuild/2003">
  <ItemGroup>
    <Text Include="makefile">
      <Filter>9 Extras</Filter>
    </Text>
    <Text Include="Storyline.txt">
      <Filter>9 Extras</Filter>
    </Text>
  </ItemGroup>
  <ItemGroup>
    <Filter Include="8 Utilities">
      <UniqueIdentifier>{787b3c1d-5c9b-44f3-913d-e6f6769abe7e}</UniqueIdentifier>
    </Filter>
    <Filter Include="9 Extras">
      <UniqueIdentifier>{ab043266-873a-4755-ba66-079a8d0b108c}</UniqueIdentifier>
    </Filter>
    <Filter Include="1 Assets">
      <UniqueIdentifier>{f820f2cd-cf53-4ac6-9b0f-aa01276d9219}</UniqueIdentifier>
    </Filter>
    <Filter Include="2 Data">
      <UniqueIdentifier>{6bac3511-0b79-4dc7-b428-10820e94d0b9}</UniqueIdentifier>
    </Filter>
    <Filter Include="3 Input">
      <UniqueIdentifier>{0dbcdea2-49bc-451d-bdee-e765fbe23980}</UniqueIdentifier>
    </Filter>
    <Filter Include="4 Processing">
      <UniqueIdentifier>{e03e3b8e-1fd3-4aa1-a907-0e1dcc1bae2a}</UniqueIdentifier>
    </Filter>
    <Filter Include="5 GUI">
      <UniqueIdentifier>{c2773cbc-1b0a-41c0-87ef-25b3046f894e}</UniqueIdentifier>
    </Filter>
    <Filter Include="0 SFML">
      <UniqueIdentifier>{852dffb1-94a5-48f0-a6e2-5c21a3c33999}</UniqueIdentifier>
    </Filter>
    <Filter Include="5 GUI\Elements">
      <UniqueIdentifier>{03f108b1-441c-486a-a614-7b07b3910712}</UniqueIdentifier>
    </Filter>
    <Filter Include="5 GUI\Menus">
      <UniqueIdentifier>{9580d0a3-88c1-4262-b84e-f9a1df796389}</UniqueIdentifier>
    </Filter>
  </ItemGroup>
  <ItemGroup>
    <ClCompile Include="..\src\Utilities\Logger.cpp">
      <Filter>8 Utilities</Filter>
    </ClCompile>
    <ClCompile Include="..\src\Core\main.cpp">
      <Filter>9 Extras</Filter>
    </ClCompile>
    <ClCompile Include="..\src\Assets\Texture.cpp">
      <Filter>1 Assets</Filter>
    </ClCompile>
    <ClCompile Include="..\src\Assets\TextureManager.cpp">
      <Filter>1 Assets</Filter>
    </ClCompile>
    <ClCompile Include="..\src\Input\EventManager.cpp">
      <Filter>3 Input</Filter>
    </ClCompile>
    <ClCompile Include="..\src\Data\Vector.cpp">
      <Filter>2 Data</Filter>
    </ClCompile>
    <ClCompile Include="..\src\Data\Mesh.cpp">
      <Filter>2 Data</Filter>
    </ClCompile>
    <ClCompile Include="..\src\Data\PhysicalInfo.cpp">
      <Filter>2 Data</Filter>
    </ClCompile>
    <ClCompile Include="..\src\Data\Ship.cpp">
      <Filter>2 Data</Filter>
    </ClCompile>
    <ClCompile Include="..\src\Data\PilotSeat.cpp">
      <Filter>2 Data</Filter>
    </ClCompile>
    <ClCompile Include="..\src\Data\Thruster.cpp">
      <Filter>2 Data</Filter>
    </ClCompile>
    <ClCompile Include="..\src\Input\Actuator.cpp">
      <Filter>3 Input</Filter>
    </ClCompile>
    <ClCompile Include="..\src\Data\ResourceType.cpp">
      <Filter>2 Data</Filter>
    </ClCompile>
    <ClCompile Include="..\src\Data\Container.cpp">
      <Filter>2 Data</Filter>
    </ClCompile>
    <ClCompile Include="..\src\Data\Taggable.cpp">
      <Filter>2 Data</Filter>
    </ClCompile>
    <ClCompile Include="..\src\Data\GraphicalInfo.cpp">
      <Filter>2 Data</Filter>
    </ClCompile>
    <ClCompile Include="..\src\Data\Attachable.cpp">
      <Filter>2 Data</Filter>
    </ClCompile>
    <ClCompile Include="..\src\Data\System.cpp">
      <Filter>2 Data</Filter>
    </ClCompile>
    <ClCompile Include="..\src\Processing\GameEngine.cpp">
      <Filter>4 Processing</Filter>
    </ClCompile>
    <ClCompile Include="..\src\Processing\Renderer.cpp">
      <Filter>4 Processing</Filter>
    </ClCompile>
    <ClCompile Include="..\src\Processing\Simulator.cpp">
      <Filter>4 Processing</Filter>
    </ClCompile>
    <ClCompile Include="..\src\GUI\GUIMenu.cpp">
      <Filter>5 GUI</Filter>
    </ClCompile>
    <ClCompile Include="..\src\GUI\GUIElement.cpp">
      <Filter>5 GUI</Filter>
    </ClCompile>
    <ClCompile Include="..\src\GUI\GUIManager.cpp">
      <Filter>5 GUI</Filter>
    </ClCompile>
    <ClCompile Include="..\src\GUI\Responsive.cpp">
      <Filter>5 GUI</Filter>
    </ClCompile>
    <ClCompile Include="..\src\Assets\FontManager.cpp">
      <Filter>1 Assets</Filter>
    </ClCompile>
    <ClCompile Include="..\src\Assets\Font.cpp">
      <Filter>1 Assets</Filter>
    </ClCompile>
    <ClCompile Include="..\src\Assets\AssetManager.cpp">
      <Filter>1 Assets</Filter>
    </ClCompile>
    <ClCompile Include="..\src\SFML\Text.cpp">
      <Filter>0 SFML</Filter>
    </ClCompile>
    <ClCompile Include="..\src\Utilities\UI.cpp">
      <Filter>8 Utilities</Filter>
    </ClCompile>
    <ClCompile Include="..\src\GUI\Elements\Button.cpp">
      <Filter>5 GUI\Elements</Filter>
    </ClCompile>
    <ClCompile Include="..\src\GUI\Elements\InputField.cpp">
      <Filter>5 GUI\Elements</Filter>
    </ClCompile>
    <ClCompile Include="..\src\GUI\Elements\Label.cpp">
      <Filter>5 GUI\Elements</Filter>
    </ClCompile>
    <ClCompile Include="..\src\Input\Delegate.cpp">
      <Filter>3 Input</Filter>
    </ClCompile>
    <ClCompile Include="..\src\Input\EventPublisher.cpp">
      <Filter>3 Input</Filter>
    </ClCompile>
    <ClCompile Include="..\src\Input\GenericEventPublisher.cpp">
      <Filter>3 Input</Filter>
    </ClCompile>
    <ClCompile Include="..\src\Input\EventHandler.cpp">
      <Filter>3 Input</Filter>
    </ClCompile>
    <ClCompile Include="..\src\Input\KeyboardActuator.cpp">
      <Filter>3 Input</Filter>
    </ClCompile>
    <ClCompile Include="..\src\Input\JoystickActuator.cpp">
      <Filter>3 Input</Filter>
    </ClCompile>
    <ClCompile Include="..\src\Input\JoystickButtonActuator.cpp">
      <Filter>3 Input</Filter>
    </ClCompile>
    <ClCompile Include="..\src\Input\MouseButtonActuator.cpp">
      <Filter>3 Input</Filter>
    </ClCompile>
    <ClCompile Include="..\src\Input\NullActuator.cpp">
      <Filter>3 Input</Filter>
    </ClCompile>
  </ItemGroup>
  <ItemGroup>
    <ClInclude Include="..\include\Utilities\Logger.hpp">
      <Filter>8 Utilities</Filter>
    </ClInclude>
    <ClInclude Include="..\include\Utilities\VERSION.hpp">
      <Filter>8 Utilities</Filter>
    </ClInclude>
    <ClInclude Include="..\include\Assets\TextureManager.hpp">
      <Filter>1 Assets</Filter>
    </ClInclude>
    <ClInclude Include="..\include\Assets\Texture.hpp">
      <Filter>1 Assets</Filter>
    </ClInclude>
    <ClInclude Include="..\include\Input\EventManager.hpp">
      <Filter>3 Input</Filter>
    </ClInclude>
    <ClInclude Include="..\include\Data\PhysicalInfo.hpp">
      <Filter>2 Data</Filter>
    </ClInclude>
    <ClInclude Include="..\include\Data\Vector.hpp">
      <Filter>2 Data</Filter>
    </ClInclude>
    <ClInclude Include="..\include\Data\Mesh.hpp">
      <Filter>2 Data</Filter>
    </ClInclude>
    <ClInclude Include="..\include\Utilities\Conversion.hpp">
      <Filter>8 Utilities</Filter>
    </ClInclude>
    <ClInclude Include="..\include\Data\Ship.hpp">
      <Filter>2 Data</Filter>
    </ClInclude>
    <ClInclude Include="..\include\Data\PilotSeat.hpp">
      <Filter>2 Data</Filter>
    </ClInclude>
    <ClInclude Include="..\include\Data\Attachable.hpp">
      <Filter>2 Data</Filter>
    </ClInclude>
    <ClInclude Include="..\include\Data\Thruster.hpp">
      <Filter>2 Data</Filter>
    </ClInclude>
    <ClInclude Include="..\include\Data\ResourceType.hpp">
      <Filter>2 Data</Filter>
    </ClInclude>
    <ClInclude Include="..\include\Input\Actuator.hpp">
      <Filter>3 Input</Filter>
    </ClInclude>
    <ClInclude Include="..\include\Data\Container.hpp">
      <Filter>2 Data</Filter>
    </ClInclude>
    <ClInclude Include="..\include\Data\Taggable.hpp">
      <Filter>2 Data</Filter>
    </ClInclude>
    <ClInclude Include="..\include\Data\GraphicalInfo.hpp">
      <Filter>2 Data</Filter>
    </ClInclude>
    <ClInclude Include="TestCode.hpp">
      <Filter>9 Extras</Filter>
    </ClInclude>
    <ClInclude Include="..\include\Data\System.hpp">
      <Filter>2 Data</Filter>
    </ClInclude>
    <ClInclude Include="..\include\Processing\GameEngine.hpp">
      <Filter>4 Processing</Filter>
    </ClInclude>
    <ClInclude Include="..\include\Processing\Renderer.hpp">
      <Filter>4 Processing</Filter>
    </ClInclude>
    <ClInclude Include="..\include\Processing\Simulator.hpp">
      <Filter>4 Processing</Filter>
    </ClInclude>
    <ClInclude Include="..\include\GUI\GUIMenu.hpp">
      <Filter>5 GUI</Filter>
    </ClInclude>
    <ClInclude Include="..\include\GUI\GUIManager.hpp">
      <Filter>5 GUI</Filter>
    </ClInclude>
    <ClInclude Include="..\include\GUI\GUIElement.hpp">
      <Filter>5 GUI</Filter>
    </ClInclude>
    <ClInclude Include="..\include\GUI\Responsive.hpp">
      <Filter>5 GUI</Filter>
    </ClInclude>
    <ClInclude Include="..\include\Assets\Font.hpp">
      <Filter>1 Assets</Filter>
    </ClInclude>
    <ClInclude Include="..\include\Assets\FontManager.hpp">
      <Filter>1 Assets</Filter>
    </ClInclude>
    <ClInclude Include="..\include\Assets\AssetManager.hpp">
      <Filter>1 Assets</Filter>
    </ClInclude>
    <ClInclude Include="..\include\SFML\Text.hpp">
      <Filter>0 SFML</Filter>
    </ClInclude>
    <ClInclude Include="..\include\Utilities\UI.hpp">
      <Filter>8 Utilities</Filter>
    </ClInclude>
    <ClInclude Include="..\include\GUI\Elements\Button.hpp">
      <Filter>5 GUI\Elements</Filter>
    </ClInclude>
    <ClInclude Include="..\include\GUI\Elements\InputField.hpp">
      <Filter>5 GUI\Elements</Filter>
    </ClInclude>
    <ClInclude Include="..\include\GUI\Elements\Label.hpp">
      <Filter>5 GUI\Elements</Filter>
    </ClInclude>
    <ClInclude Include="..\include\Input\Delegate.hpp">
      <Filter>3 Input</Filter>
    </ClInclude>
    <ClInclude Include="..\include\Input\EventPublisher.hpp">
      <Filter>3 Input</Filter>
    </ClInclude>
    <ClInclude Include="..\include\Input\GenericEventPublisher.hpp">
      <Filter>3 Input</Filter>
    </ClInclude>
    <ClInclude Include="..\include\Input\EventHandler.hpp">
      <Filter>3 Input</Filter>
    </ClInclude>
    <ClInclude Include="..\include\Input\KeyboardActuator.hpp">
      <Filter>3 Input</Filter>
    </ClInclude>
    <ClInclude Include="..\include\Input\JoystickActuator.hpp">
      <Filter>3 Input</Filter>
    </ClInclude>
    <ClInclude Include="..\include\Input\MouseButtonActuator.hpp">
      <Filter>3 Input</Filter>
    </ClInclude>
    <ClInclude Include="..\include\Input\JoystickButtonActuator.hpp">
      <Filter>3 Input</Filter>
    </ClInclude>
    <ClInclude Include="..\include\Input\NullActuator.hpp">
      <Filter>3 Input</Filter>
    </ClInclude>
  </ItemGroup>
  <ItemGroup>
    <None Include="..\LICENSE">
      <Filter>9 Extras</Filter>
    </None>
  </ItemGroup>
</Project>