<?xml version="1.0" encoding="utf-8"?>
<Project ToolsVersion="4.0" xmlns="http://schemas.microsoft.com/developer/msbuild/2003">
  <ItemGroup>
    <Filter Include="GUI">
      <UniqueIdentifier>{c2cad79b-f7e7-4bbc-8bff-50a9c85c4e01}</UniqueIdentifier>
    </Filter>
    <Filter Include="MemoryBank">
      <UniqueIdentifier>{c7adf596-5342-4718-a552-7f7283d6fbb3}</UniqueIdentifier>
    </Filter>
    <Filter Include="Utilities">
      <UniqueIdentifier>{edfd61b6-dcde-4784-9831-60f10339b5f6}</UniqueIdentifier>
    </Filter>
    <Filter Include="Processing">
      <UniqueIdentifier>{6b179dd4-7465-4057-8a56-6b4dc7704fc8}</UniqueIdentifier>
    </Filter>
    <Filter Include="GUI\Elements">
      <UniqueIdentifier>{1402dc71-bdad-4fed-85a2-d67f52bee20f}</UniqueIdentifier>
    </Filter>
    <Filter Include="MemoryBank\Level">
      <UniqueIdentifier>{674fdf32-7930-4962-9b48-a9609d8cc81a}</UniqueIdentifier>
    </Filter>
    <Filter Include="MemoryBank\Entities">
      <UniqueIdentifier>{c37f6745-3a37-4bb1-a30c-5dbaec1cd050}</UniqueIdentifier>
    </Filter>
    <Filter Include="Lua">
      <UniqueIdentifier>{b81eeeb4-ba7c-42db-a8a7-f763d90c4a84}</UniqueIdentifier>
    </Filter>
    <Filter Include="Lua\Menu">
      <UniqueIdentifier>{63e54d96-12af-4840-a7b9-cd2a17dc01e8}</UniqueIdentifier>
    </Filter>
    <Filter Include="Lua\Level">
      <UniqueIdentifier>{74f4634b-d203-4bd3-8c3d-c4d301a82047}</UniqueIdentifier>
    </Filter>
  </ItemGroup>
  <ItemGroup>
    <ClInclude Include="..\..\include\GUI\GUIMenu.hpp">
      <Filter>GUI</Filter>
    </ClInclude>
    <ClInclude Include="..\..\include\GUI\GUIDockItem.hpp">
      <Filter>GUI</Filter>
    </ClInclude>
    <ClInclude Include="..\..\include\GUI\GUIElement.hpp">
      <Filter>GUI</Filter>
    </ClInclude>
    <ClInclude Include="..\..\include\GUI\GUIManager.hpp">
      <Filter>GUI</Filter>
    </ClInclude>
    <ClInclude Include="..\..\include\GUI\Elements\Button.hpp">
      <Filter>GUI\Elements</Filter>
    </ClInclude>
    <ClInclude Include="..\..\include\GUI\Elements\Canvas.hpp">
      <Filter>GUI\Elements</Filter>
    </ClInclude>
    <ClInclude Include="..\..\include\GUI\Elements\CheckBox.hpp">
      <Filter>GUI\Elements</Filter>
    </ClInclude>
    <ClInclude Include="..\..\include\GUI\Elements\CodeBox.hpp">
      <Filter>GUI\Elements</Filter>
    </ClInclude>
    <ClInclude Include="..\..\include\GUI\Elements\HorSlider.hpp">
      <Filter>GUI\Elements</Filter>
    </ClInclude>
    <ClInclude Include="..\..\include\GUI\Elements\Label.hpp">
      <Filter>GUI\Elements</Filter>
    </ClInclude>
    <ClInclude Include="..\..\include\GUI\Elements\Picture.hpp">
      <Filter>GUI\Elements</Filter>
    </ClInclude>
    <ClInclude Include="..\..\include\GUI\Elements\ProgBar.hpp">
      <Filter>GUI\Elements</Filter>
    </ClInclude>
    <ClInclude Include="..\..\include\GUI\Elements\TextBox.hpp">
      <Filter>GUI\Elements</Filter>
    </ClInclude>
    <ClInclude Include="..\..\include\GUI\Elements\VertSlider.hpp">
      <Filter>GUI\Elements</Filter>
    </ClInclude>
    <ClInclude Include="..\..\include\MemoryBank\Settings.hpp">
      <Filter>MemoryBank</Filter>
    </ClInclude>
    <ClInclude Include="..\..\include\MemoryBank\LocalControl.hpp">
      <Filter>MemoryBank</Filter>
    </ClInclude>
    <ClInclude Include="..\..\include\MemoryBank\Debug.hpp">
      <Filter>MemoryBank</Filter>
    </ClInclude>
    <ClInclude Include="..\..\include\MemoryBank\Level\SolarSystem.hpp">
      <Filter>MemoryBank\Level</Filter>
    </ClInclude>
    <ClInclude Include="..\..\include\MemoryBank\Level\SpaceObject.hpp">
      <Filter>MemoryBank\Level</Filter>
    </ClInclude>
    <ClInclude Include="..\..\include\MemoryBank\Level\Level.hpp">
      <Filter>MemoryBank\Level</Filter>
    </ClInclude>
    <ClInclude Include="..\..\include\MemoryBank\Level\Vector.hpp">
      <Filter>MemoryBank\Level</Filter>
    </ClInclude>
    <ClInclude Include="..\..\include\MemoryBank\DataBank.hpp">
      <Filter>MemoryBank</Filter>
    </ClInclude>
    <ClInclude Include="..\..\include\MemoryBank\Entities\Action.hpp">
      <Filter>MemoryBank\Entities</Filter>
    </ClInclude>
    <ClInclude Include="..\..\include\MemoryBank\Entities\Font.hpp">
      <Filter>MemoryBank\Entities</Filter>
    </ClInclude>
    <ClInclude Include="..\..\include\MemoryBank\Entities\Script.hpp">
      <Filter>MemoryBank\Entities</Filter>
    </ClInclude>
    <ClInclude Include="..\..\include\MemoryBank\Entities\Sound.hpp">
      <Filter>MemoryBank\Entities</Filter>
    </ClInclude>
    <ClInclude Include="..\..\include\MemoryBank\Entities\Texture.hpp">
      <Filter>MemoryBank\Entities</Filter>
    </ClInclude>
    <ClInclude Include="..\..\include\MemoryBank\Entities\Track.hpp">
      <Filter>MemoryBank\Entities</Filter>
    </ClInclude>
    <ClInclude Include="..\..\include\MemoryBank\Entities\Video.hpp">
      <Filter>MemoryBank\Entities</Filter>
    </ClInclude>
    <ClInclude Include="..\..\include\Utilities\FileLogger.hpp">
      <Filter>Utilities</Filter>
    </ClInclude>
    <ClInclude Include="..\..\include\Utilities\VERSION.hpp">
      <Filter>Utilities</Filter>
    </ClInclude>
    <ClInclude Include="..\..\include\Utilities\util.hpp">
      <Filter>Utilities</Filter>
    </ClInclude>
    <ClInclude Include="..\..\include\Utilities\Logger.hpp">
      <Filter>Utilities</Filter>
    </ClInclude>
    <ClInclude Include="..\..\include\Processing\PhysicsEngine.hpp">
      <Filter>Processing</Filter>
    </ClInclude>
    <ClInclude Include="..\..\include\Processing\EventManager.hpp">
      <Filter>Processing</Filter>
    </ClInclude>
    <ClInclude Include="..\..\include\Processing\GraphicsEngine.hpp">
      <Filter>Processing</Filter>
    </ClInclude>
    <ClInclude Include="..\..\include\Processing\ModModule.hpp">
      <Filter>Processing</Filter>
    </ClInclude>
  </ItemGroup>
  <ItemGroup>
    <ClCompile Include="..\..\src\GUI\GUIDockItem.cpp">
      <Filter>GUI</Filter>
    </ClCompile>
    <ClCompile Include="..\..\src\GUI\GUIElement.cpp">
      <Filter>GUI</Filter>
    </ClCompile>
    <ClCompile Include="..\..\src\GUI\GUIManager.cpp">
      <Filter>GUI</Filter>
    </ClCompile>
    <ClCompile Include="..\..\src\GUI\GUIMenu.cpp">
      <Filter>GUI</Filter>
    </ClCompile>
    <ClCompile Include="..\..\src\GUI\Elements\Button.cpp">
      <Filter>GUI\Elements</Filter>
    </ClCompile>
    <ClCompile Include="..\..\src\GUI\Elements\Canvas.cpp">
      <Filter>GUI\Elements</Filter>
    </ClCompile>
    <ClCompile Include="..\..\src\GUI\Elements\CheckBox.cpp">
      <Filter>GUI\Elements</Filter>
    </ClCompile>
    <ClCompile Include="..\..\src\GUI\Elements\CodeBox.cpp">
      <Filter>GUI\Elements</Filter>
    </ClCompile>
    <ClCompile Include="..\..\src\GUI\Elements\HorSlider.cpp">
      <Filter>GUI\Elements</Filter>
    </ClCompile>
    <ClCompile Include="..\..\src\GUI\Elements\Label.cpp">
      <Filter>GUI\Elements</Filter>
    </ClCompile>
    <ClCompile Include="..\..\src\GUI\Elements\TextBox.cpp">
      <Filter>GUI\Elements</Filter>
    </ClCompile>
    <ClCompile Include="..\..\src\GUI\Elements\VertSlider.cpp">
      <Filter>GUI\Elements</Filter>
    </ClCompile>
    <ClCompile Include="..\..\src\MemoryBank\DataBank.cpp">
      <Filter>MemoryBank</Filter>
    </ClCompile>
    <ClCompile Include="..\..\src\MemoryBank\Level\LocalControl.cpp">
      <Filter>MemoryBank</Filter>
    </ClCompile>
    <ClCompile Include="..\..\src\MemoryBank\Level\SolarSystem.cpp">
      <Filter>MemoryBank\Level</Filter>
    </ClCompile>
    <ClCompile Include="..\..\src\MemoryBank\Level\SpaceObject.cpp">
      <Filter>MemoryBank\Level</Filter>
    </ClCompile>
    <ClCompile Include="..\..\src\MemoryBank\Level\Level.cpp">
      <Filter>MemoryBank\Level</Filter>
    </ClCompile>
    <ClCompile Include="..\..\src\MemoryBank\Level\Vector.cpp">
      <Filter>MemoryBank\Level</Filter>
    </ClCompile>
    <ClCompile Include="..\..\src\MemoryBank\Entities\Font.cpp">
      <Filter>MemoryBank\Entities</Filter>
    </ClCompile>
    <ClCompile Include="..\..\src\MemoryBank\Entities\Script.cpp">
      <Filter>MemoryBank\Entities</Filter>
    </ClCompile>
    <ClCompile Include="..\..\src\MemoryBank\Entities\Sound.cpp">
      <Filter>MemoryBank\Entities</Filter>
    </ClCompile>
    <ClCompile Include="..\..\src\MemoryBank\Entities\Texture.cpp">
      <Filter>MemoryBank\Entities</Filter>
    </ClCompile>
    <ClCompile Include="..\..\src\MemoryBank\Entities\Track.cpp">
      <Filter>MemoryBank\Entities</Filter>
    </ClCompile>
    <ClCompile Include="..\..\src\MemoryBank\Entities\Video.cpp">
      <Filter>MemoryBank\Entities</Filter>
    </ClCompile>
    <ClCompile Include="..\..\src\Utilities\FileLogger.cpp">
      <Filter>Utilities</Filter>
    </ClCompile>
    <ClCompile Include="..\..\src\Utilities\util.cpp">
      <Filter>Utilities</Filter>
    </ClCompile>
    <ClCompile Include="..\..\src\Utilities\Logger.cpp">
      <Filter>Utilities</Filter>
    </ClCompile>
    <ClCompile Include="..\..\src\Processing\EventManager.cpp">
      <Filter>Processing</Filter>
    </ClCompile>
    <ClCompile Include="..\..\src\Processing\GraphicsEngine.cpp">
      <Filter>Processing</Filter>
    </ClCompile>
    <ClCompile Include="..\..\src\Processing\main.cpp">
      <Filter>Processing</Filter>
    </ClCompile>
    <ClCompile Include="..\..\src\Processing\ModModule.cpp">
      <Filter>Processing</Filter>
    </ClCompile>
    <ClCompile Include="..\..\src\Processing\PhysicsEngine.cpp">
      <Filter>Processing</Filter>
    </ClCompile>
  </ItemGroup>
  <ItemGroup>
    <None Include="..\..\..\UG_content\content\stock\scripts\plugin_loader.lua">
      <Filter>Lua</Filter>
    </None>
    <None Include="..\..\..\UG_content\content\plugins\lStart.lua">
      <Filter>Lua\Level</Filter>
    </None>
    <None Include="..\..\..\UG_content\content\plugins\mConsole.lua">
      <Filter>Lua\Menu</Filter>
    </None>
    <None Include="..\..\..\UG_content\content\plugins\mDebug.lua">
      <Filter>Lua\Menu</Filter>
    </None>
    <None Include="..\..\..\UG_content\content\plugins\mEditor.lua">
      <Filter>Lua\Menu</Filter>
    </None>
    <None Include="..\..\..\UG_content\content\plugins\mMenu.lua">
      <Filter>Lua\Menu</Filter>
    </None>
    <None Include="..\..\..\UG_content\content\plugins\mSettings.lua">
      <Filter>Lua\Menu</Filter>
    </None>
  </ItemGroup>
</Project>